{
  "version": 4,
  "terraform_version": "1.12.2",
  "serial": 60,
  "lineage": "5ac0e585-54ba-8420-0e5e-211b7cb37dba",
  "outputs": {
    "cluster_endpoint": {
      "value": "https://7D5DB150E078BCD3F8CD1D4014BA5A36.yl4.ap-south-1.eks.amazonaws.com",
      "type": "string"
    },
    "cluster_name": {
      "value": "my-devops-eks-cluster",
      "type": "string"
    },
    "kubeconfig_command": {
      "value": "aws eks update-kubeconfig --name my-devops-eks-cluster --region ap-south-1",
      "type": "string"
    },
    "private_subnets": {
      "value": [
        "subnet-0f14da3f520b54d1f",
        "subnet-08d665e32e091bdb8"
      ],
      "type": [
        "tuple",
        [
          "string",
          "string"
        ]
      ]
    },
    "public_subnets": {
      "value": [
        "subnet-09e75623b93367d35",
        "subnet-0c7db852104e5119d"
      ],
      "type": [
        "tuple",
        [
          "string",
          "string"
        ]
      ]
    },
    "vpc_id": {
      "value": "vpc-0ac3e546c2908ae53",
      "type": "string"
    }
  },
  "resources": [
    {
      "mode": "managed",
      "type": "aws_iam_role",
      "name": "eks_cluster_role",
      "provider": "provider[\"registry.terraform.io/hashicorp/aws\"]",
      "instances": [
        {
          "schema_version": 0,
          "attributes": {
            "arn": "arn:aws:iam::841961777599:role/my-devops-eks-cluster-cluster-role",
            "assume_role_policy": "{\"Statement\":[{\"Action\":\"sts:AssumeRole\",\"Effect\":\"Allow\",\"Principal\":{\"Service\":\"eks.amazonaws.com\"}}],\"Version\":\"2012-10-17\"}",
            "create_date": "2025-07-11T11:19:04Z",
            "description": "",
            "force_detach_policies": false,
            "id": "my-devops-eks-cluster-cluster-role",
            "inline_policy": [],
            "managed_policy_arns": [
              "arn:aws:iam::aws:policy/AmazonEKSClusterPolicy"
            ],
            "max_session_duration": 3600,
            "name": "my-devops-eks-cluster-cluster-role",
            "name_prefix": "",
            "path": "/",
            "permissions_boundary": "",
            "tags": {
              "Environment": "DevOpsAssignment",
              "Project": "my-devops-eks-cluster"
            },
            "tags_all": {
              "Environment": "DevOpsAssignment",
              "Project": "my-devops-eks-cluster"
            },
            "unique_id": "AROA4ICGVFG75Y2SKE6LK"
          },
          "sensitive_attributes": [],
          "identity_schema_version": 0,
          "private": "bnVsbA=="
        }
      ]
    },
    {
      "mode": "managed",
      "type": "aws_iam_role_policy_attachment",
      "name": "eks_cluster_policy_attachment",
      "provider": "provider[\"registry.terraform.io/hashicorp/aws\"]",
      "instances": [
        {
          "schema_version": 0,
          "attributes": {
            "id": "my-devops-eks-cluster-cluster-role-20250711111906434900000003",
            "policy_arn": "arn:aws:iam::aws:policy/AmazonEKSClusterPolicy",
            "role": "my-devops-eks-cluster-cluster-role"
          },
          "sensitive_attributes": [],
          "identity_schema_version": 0,
          "private": "bnVsbA==",
          "dependencies": [
            "aws_iam_role.eks_cluster_role"
          ]
        }
      ]
    },
    {
      "module": "module.eks_cluster",
      "mode": "data",
      "type": "aws_caller_identity",
      "name": "current",
      "provider": "provider[\"registry.terraform.io/hashicorp/aws\"]",
      "instances": [
        {
          "schema_version": 0,
          "attributes": {
            "account_id": "841961777599",
            "arn": "arn:aws:iam::841961777599:user/terraform-admin-user",
            "id": "841961777599",
            "user_id": "AIDA4ICGVFG77VABNZSSS"
          },
          "sensitive_attributes": [],
          "identity_schema_version": 0
        }
      ]
    },
    {
      "module": "module.eks_cluster",
      "mode": "data",
      "type": "aws_iam_policy_document",
      "name": "assume_role_policy",
      "provider": "provider[\"registry.terraform.io/hashicorp/aws\"]",
      "instances": [
        {
          "index_key": 0,
          "schema_version": 0,
          "attributes": {
            "id": "2764486067",
            "json": "{\n  \"Version\": \"2012-10-17\",\n  \"Statement\": [\n    {\n      \"Sid\": \"EKSClusterAssumeRole\",\n      \"Effect\": \"Allow\",\n      \"Action\": \"sts:AssumeRole\",\n      \"Principal\": {\n        \"Service\": \"eks.amazonaws.com\"\n      }\n    }\n  ]\n}",
            "minified_json": "{\"Version\":\"2012-10-17\",\"Statement\":[{\"Sid\":\"EKSClusterAssumeRole\",\"Effect\":\"Allow\",\"Action\":\"sts:AssumeRole\",\"Principal\":{\"Service\":\"eks.amazonaws.com\"}}]}",
            "override_json": null,
            "override_policy_documents": null,
            "policy_id": null,
            "source_json": null,
            "source_policy_documents": null,
            "statement": [
              {
                "actions": [
                  "sts:AssumeRole"
                ],
                "condition": [],
                "effect": "Allow",
                "not_actions": [],
                "not_principals": [],
                "not_resources": [],
                "principals": [
                  {
                    "identifiers": [
                      "eks.amazonaws.com"
                    ],
                    "type": "Service"
                  }
                ],
                "resources": [],
                "sid": "EKSClusterAssumeRole"
              }
            ],
            "version": "2012-10-17"
          },
          "sensitive_attributes": [],
          "identity_schema_version": 0
        }
      ]
    },
    {
      "module": "module.eks_cluster",
      "mode": "data",
      "type": "aws_iam_session_context",
      "name": "current",
      "provider": "provider[\"registry.terraform.io/hashicorp/aws\"]",
      "instances": [
        {
          "schema_version": 0,
          "attributes": {
            "arn": "arn:aws:iam::841961777599:user/terraform-admin-user",
            "id": "arn:aws:iam::841961777599:user/terraform-admin-user",
            "issuer_arn": "arn:aws:iam::841961777599:user/terraform-admin-user",
            "issuer_id": "",
            "issuer_name": "",
            "session_name": ""
          },
          "sensitive_attributes": [],
          "identity_schema_version": 0
        }
      ]
    },
    {
      "module": "module.eks_cluster",
      "mode": "data",
      "type": "aws_partition",
      "name": "current",
      "provider": "provider[\"registry.terraform.io/hashicorp/aws\"]",
      "instances": [
        {
          "schema_version": 0,
          "attributes": {
            "dns_suffix": "amazonaws.com",
            "id": "aws",
            "partition": "aws",
            "reverse_dns_prefix": "com.amazonaws"
          },
          "sensitive_attributes": [],
          "identity_schema_version": 0
        }
      ]
    },
    {
      "module": "module.eks_cluster",
      "mode": "data",
      "type": "tls_certificate",
      "name": "this",
      "provider": "provider[\"registry.terraform.io/hashicorp/tls\"]",
      "instances": [
        {
          "index_key": 0,
          "schema_version": 0,
          "attributes": {
            "certificates": [
              {
                "cert_pem": "-----BEGIN CERTIFICATE-----\nMIIEkjCCA3qgAwIBAgITBn+USionzfP6wq4rAfkI7rnExjANBgkqhkiG9w0BAQsF\nADCBmDELMAkGA1UEBhMCVVMxEDAOBgNVBAgTB0FyaXpvbmExEzARBgNVBAcTClNj\nb3R0c2RhbGUxJTAjBgNVBAoTHFN0YXJmaWVsZCBUZWNobm9sb2dpZXMsIEluYy4x\nOzA5BgNVBAMTMlN0YXJmaWVsZCBTZXJ2aWNlcyBSb290IENlcnRpZmljYXRlIEF1\ndGhvcml0eSAtIEcyMB4XDTE1MDUyNTEyMDAwMFoXDTM3MTIzMTAxMDAwMFowOTEL\nMAkGA1UEBhMCVVMxDzANBgNVBAoTBkFtYXpvbjEZMBcGA1UEAxMQQW1hem9uIFJv\nb3QgQ0EgMTCCASIwDQYJKoZIhvcNAQEBBQADggEPADCCAQoCggEBALJ4gHHKeNXj\nca9HgFB0fW7Y14h29Jlo91ghYPl0hAEvrAIthtOgQ3pOsqTQNroBvo3bSMgHFzZM\n9O6II8c+6zf1tRn4SWiw3te5djgdYZ6k/oI2peVKVuRF4fn9tBb6dNqcmzU5L/qw\nIFAGbHrQgLKm+a/sRxmPUDgH3KKHOVj4utWp+UhnMJbulHheb4mjUcAwhmahRWa6\nVOujw5H5SNz/0egwLX0tdHA114gk957EWW67c4cX8jJGKLhD+rcdqsq08p8kDi1L\n93FcXmn/6pUCyziKrlA4b9v7LWIbxcceVOF34GfID5yHI9Y/QCB/IIDEgEw+OyQm\njgSubJrIqg0CAwEAAaOCATEwggEtMA8GA1UdEwEB/wQFMAMBAf8wDgYDVR0PAQH/\nBAQDAgGGMB0GA1UdDgQWBBSEGMyFNOy8DJSULghZnMeyEE4KCDAfBgNVHSMEGDAW\ngBScXwDfqgHXMCs4iKK4bUqc8hGRgzB4BggrBgEFBQcBAQRsMGowLgYIKwYBBQUH\nMAGGImh0dHA6Ly9vY3NwLnJvb3RnMi5hbWF6b250cnVzdC5jb20wOAYIKwYBBQUH\nMAKGLGh0dHA6Ly9jcnQucm9vdGcyLmFtYXpvbnRydXN0LmNvbS9yb290ZzIuY2Vy\nMD0GA1UdHwQ2MDQwMqAwoC6GLGh0dHA6Ly9jcmwucm9vdGcyLmFtYXpvbnRydXN0\nLmNvbS9yb290ZzIuY3JsMBEGA1UdIAQKMAgwBgYEVR0gADANBgkqhkiG9w0BAQsF\nAAOCAQEAYjdCXLwQtT6LLOkMm2xF4gcAevnFWAu5CIw+7bMlPLVvUOTNNWqnkzSW\nMiGpSESrnO09tKpzbeR/FoCJbM8oAxiDR3mjEH4wW6w7sGDgd9QIpuEdfF7Au/ma\neyKdpwAJfqxGF4PcnCZXmTA5YpaP7dreqsXMGz7KQ2hsVxa81Q4gLv7/wmpdLqBK\nbRRYh5TmOTFffHPLkIhqhBGWJ6bt2YFGpn6jcgAKUj6DiAdjd4lpFw85hdKrCEVN\n0FE6/V1dN2RMfjCyVSRCnTawXZwXgWHxyvkQAiSr6w10kY17RSlQOYiypok1JR4U\nakcjMS9cmvqtmg5iUaQqqcT5NJ0hGA==\n-----END CERTIFICATE-----\n",
                "is_ca": true,
                "issuer": "CN=Starfield Services Root Certificate Authority - G2,O=Starfield Technologies\\, Inc.,L=Scottsdale,ST=Arizona,C=US",
                "not_after": "2037-12-31T01:00:00Z",
                "not_before": "2015-05-25T12:00:00Z",
                "public_key_algorithm": "RSA",
                "serial_number": "144918191876577076464031512351042010504348870",
                "sha1_fingerprint": "06b25927c42a721631c1efd9431e648fa62e1e39",
                "signature_algorithm": "SHA256-RSA",
                "subject": "CN=Amazon Root CA 1,O=Amazon,C=US",
                "version": 3
              },
              {
                "cert_pem": "-----BEGIN CERTIFICATE-----\nMIIEXjCCA0agAwIBAgITB3MSTyqVLj7Rili9uF0bwM5fJzANBgkqhkiG9w0BAQsF\nADA5MQswCQYDVQQGEwJVUzEPMA0GA1UEChMGQW1hem9uMRkwFwYDVQQDExBBbWF6\nb24gUm9vdCBDQSAxMB4XDTIyMDgyMzIyMjYzNVoXDTMwMDgyMzIyMjYzNVowPDEL\nMAkGA1UEBhMCVVMxDzANBgNVBAoTBkFtYXpvbjEcMBoGA1UEAxMTQW1hem9uIFJT\nQSAyMDQ4IE0wNDCCASIwDQYJKoZIhvcNAQEBBQADggEPADCCAQoCggEBAM3pVR6A\nlQOp4xe776FdePXyejgA38mYx1ou9/jrpV6Sfn+/oqBKgwhY6ePsQHHQayWBJdBn\nv4Wz363qRI4XUh9swBFJ11TnZ3LqOMvHmWq2+loA0QPtOfXdJ2fHBLrBrngtJ/GB\n0p5olAVYrSZgvQGP16Rf8ddtNyxEEhYm3HuhmNi+vSeAq1tLYJPAvRCXonTpWdSD\nxY6hvdmxlqTYi82AtBXSfpGQ58HHM0hw0C6aQakghrwWi5fGslLOqzpimNMIsT7c\nqa0GJx6JfKqJqmQQNplO2h8n9ZsFJgBowof01ppdoLAWg6caMOM0om/VILKaa30F\n9W/r8Qjah7ltGVkCAwEAAaOCAVowggFWMBIGA1UdEwEB/wQIMAYBAf8CAQAwDgYD\nVR0PAQH/BAQDAgGGMB0GA1UdJQQWMBQGCCsGAQUFBwMBBggrBgEFBQcDAjAdBgNV\nHQ4EFgQUH1KSYVaCVH+BZtgdPQqqMlyH3QgwHwYDVR0jBBgwFoAUhBjMhTTsvAyU\nlC4IWZzHshBOCggwewYIKwYBBQUHAQEEbzBtMC8GCCsGAQUFBzABhiNodHRwOi8v\nb2NzcC5yb290Y2ExLmFtYXpvbnRydXN0LmNvbTA6BggrBgEFBQcwAoYuaHR0cDov\nL2NydC5yb290Y2ExLmFtYXpvbnRydXN0LmNvbS9yb290Y2ExLmNlcjA/BgNVHR8E\nODA2MDSgMqAwhi5odHRwOi8vY3JsLnJvb3RjYTEuYW1hem9udHJ1c3QuY29tL3Jv\nb3RjYTEuY3JsMBMGA1UdIAQMMAowCAYGZ4EMAQIBMA0GCSqGSIb3DQEBCwUAA4IB\nAQA+1O5UsAaNuW3lHzJtpNGwBnZd9QEYFtxpiAnIaV4qApnGS9OCw5ZPwie7YSlD\nZF5yyFPsFhUC2Q9uJHY/CRV1b5hIiGH0+6+w5PgKiY1MWuWT8VAaJjFxvuhM7a/e\nfN2TIw1Wd6WCl6YRisunjQOrSP+unqC8A540JNyZ1JOE3jVqat3OZBGgMvihdj2w\nY23EpwesrKiQzkHzmvSH67PVW4ycbPy08HVZnBxZ5NrlGG9bwXR3fNTaz+c+Ej6c\n5AnwI3qkOFgSkg3Y75cdFz6pO/olK+e3AqygAcv0WjzmkDPuBjssuZjCHMC56oH3\nGJkV29Di2j5prHJbwZjG1inU\n-----END CERTIFICATE-----\n",
                "is_ca": true,
                "issuer": "CN=Amazon Root CA 1,O=Amazon,C=US",
                "not_after": "2030-08-23T22:26:35Z",
                "not_before": "2022-08-23T22:26:35Z",
                "public_key_algorithm": "RSA",
                "serial_number": "166129359584585245282080020727744908546170663",
                "sha1_fingerprint": "e7b8b5a6743ce1b2f17b041de59558a41472d70c",
                "signature_algorithm": "SHA256-RSA",
                "subject": "CN=Amazon RSA 2048 M04,O=Amazon,C=US",
                "version": 3
              },
              {
                "cert_pem": "-----BEGIN CERTIFICATE-----\nMIIF5zCCBM+gAwIBAgIQCKWrXsqK18Q2YLMwlIpxvzANBgkqhkiG9w0BAQsFADA8\nMQswCQYDVQQGEwJVUzEPMA0GA1UEChMGQW1hem9uMRwwGgYDVQQDExNBbWF6b24g\nUlNBIDIwNDggTTA0MB4XDTI1MDQxNjAwMDAwMFoXDTI2MDMyNzIzNTk1OVowKTEn\nMCUGA1UEAwweKi5la3MuYXAtc291dGgtMS5hbWF6b25hd3MuY29tMIIBIjANBgkq\nhkiG9w0BAQEFAAOCAQ8AMIIBCgKCAQEAsF3UBE6MwBL0R1uu17hiu8kFhYQLKvUD\nmt2lrJOJ2qOvXqNbqLVhmjX6JH5G0YvvxdRSTXFerdAR6UFa46OFBYGCP1M2gna1\nUVwbfNMLv1ojSDUMdH9zU7uBpml/wyIYLJWK+/HphFvRwuOATTnF9aD3asi3vxcP\nwDr4GUh70ELRQxMCeFoPqNOHLm/uvVDPp8o0Qw/s0E1PJjqtIbHndXnqO825Sa9D\nqyDbrvpbPkZVQKZDJXs+TaLkHFr5iy5krTxTIxENsSpxxVsCxMwvN2R9xHV9lAY9\nm7hMLEMOvDeKJTxdBL4CSMZoj+MDQ1R8YLK/QTy+ChhKmvO5+BixIwIDAQABo4IC\n9jCCAvIwHwYDVR0jBBgwFoAUH1KSYVaCVH+BZtgdPQqqMlyH3QgwHQYDVR0OBBYE\nFMqHKfGG5cSRYsHiU/Ts0ST2PXi4MCkGA1UdEQQiMCCCHiouZWtzLmFwLXNvdXRo\nLTEuYW1hem9uYXdzLmNvbTATBgNVHSAEDDAKMAgGBmeBDAECATAOBgNVHQ8BAf8E\nBAMCBaAwHQYDVR0lBBYwFAYIKwYBBQUHAwEGCCsGAQUFBwMCMDsGA1UdHwQ0MDIw\nMKAuoCyGKmh0dHA6Ly9jcmwucjJtMDQuYW1hem9udHJ1c3QuY29tL3IybTA0LmNy\nbDB1BggrBgEFBQcBAQRpMGcwLQYIKwYBBQUHMAGGIWh0dHA6Ly9vY3NwLnIybTA0\nLmFtYXpvbnRydXN0LmNvbTA2BggrBgEFBQcwAoYqaHR0cDovL2NydC5yMm0wNC5h\nbWF6b250cnVzdC5jb20vcjJtMDQuY2VyMAwGA1UdEwEB/wQCMAAwggF9BgorBgEE\nAdZ5AgQCBIIBbQSCAWkBZwB2AA5XlLzzrqk+MxssmQez95Dfm8I9cTIl3SGpJaxh\nxU4hAAABlkCtjWIAAAQDAEcwRQIgdDsdr0eh/E6MSJ0W23I7HAUHIeRF9oPeUZH2\ni81/lUkCIQC1sbnmY/5My2XPHy6l4qHypypeFJWYUw98Crc+VldDlwB2AEmcm2ne\nHXzs/DbezYdkprhbrwqHgBnRVVL76esp3fjDAAABlkCtjawAAAQDAEcwRQIgAJjH\nDzPBPhT+A0bQY9BsMSi4rTtvVx+LdeLREmnu954CIQDUMFMlVIX45vU81ornb5Ea\nSjKskF0gT4MYtGyUAqKsGAB1AMs49xWJfIShRF9bwd37yW7ymlnNRwppBYWwyxTD\nFFjnAAABlkCtjWYAAAQDAEYwRAIgaw/Er8mSKbVHWf9gk0mmzqVSKgEUwwRTju8l\nUVvXUugCIARH59A1fykBTIHvGmd/bkPEmbc4WfCDO9BrJAaXieV4MA0GCSqGSIb3\nDQEBCwUAA4IBAQCfW7NAlIgXrWFKbq9KFyCjCw2iQZiwyZAlXcFruvwCgYy2jzzT\nwW1CqE50vx/q2RxHQPrSCvhnnh2UnB3EU8Ye+xX4Q/drEgNFcJWP1A3Ry38hlOcq\nZe9F6ZHcmZPf/JzU80hp7wMqhgE8L6c3w2a80OCcTftZFKfyvBkMcTKAvdjPU04E\nt+NXWizenXUFWFYOaHwwCjjIMzKWf6ttfWsQu88oToPLHknveSDclnW65oCTAkti\nkJQiury7gFh5AxQQK7jH+4xiwupeJmOkVQxlr4uLx1S29ztjja74ccPIdBVrlMuP\nWcqFPgS342Qf8girED9FL65ldFWLoV6+krzN\n-----END CERTIFICATE-----\n",
                "is_ca": false,
                "issuer": "CN=Amazon RSA 2048 M04,O=Amazon,C=US",
                "not_after": "2026-03-27T23:59:59Z",
                "not_before": "2025-04-16T00:00:00Z",
                "public_key_algorithm": "RSA",
                "serial_number": "11494028750110896993720723976017834431",
                "sha1_fingerprint": "6f4c138f25d854e1a619a34967d7448eecc899f8",
                "signature_algorithm": "SHA256-RSA",
                "subject": "CN=*.eks.ap-south-1.amazonaws.com",
                "version": 3
              }
            ],
            "content": null,
            "id": "2efe2bc0b862928b4aefe315c4a10c4ad5223ff5",
            "url": "https://oidc.eks.ap-south-1.amazonaws.com/id/7D5DB150E078BCD3F8CD1D4014BA5A36",
            "verify_chain": true
          },
          "sensitive_attributes": [],
          "identity_schema_version": 0
        }
      ]
    },
    {
      "module": "module.eks_cluster",
      "mode": "managed",
      "type": "aws_cloudwatch_log_group",
      "name": "this",
      "provider": "provider[\"registry.terraform.io/hashicorp/aws\"]",
      "instances": [
        {
          "index_key": 0,
          "schema_version": 0,
          "attributes": {
            "arn": "arn:aws:logs:ap-south-1:841961777599:log-group:/aws/eks/my-devops-eks-cluster/cluster",
            "id": "/aws/eks/my-devops-eks-cluster/cluster",
            "kms_key_id": "",
            "log_group_class": "STANDARD",
            "name": "/aws/eks/my-devops-eks-cluster/cluster",
            "name_prefix": "",
            "retention_in_days": 90,
            "skip_destroy": false,
            "tags": {
              "Environment": "DevOpsAssignment",
              "Name": "/aws/eks/my-devops-eks-cluster/cluster",
              "Project": "my-devops-eks-cluster"
            },
            "tags_all": {
              "Environment": "DevOpsAssignment",
              "Name": "/aws/eks/my-devops-eks-cluster/cluster",
              "Project": "my-devops-eks-cluster"
            }
          },
          "sensitive_attributes": [],
          "identity_schema_version": 0,
          "private": "bnVsbA==",
          "create_before_destroy": true
        }
      ]
    },
    {
      "module": "module.eks_cluster",
      "mode": "managed",
      "type": "aws_ec2_tag",
      "name": "cluster_primary_security_group",
      "provider": "provider[\"registry.terraform.io/hashicorp/aws\"]",
      "instances": [
        {
          "index_key": "Environment",
          "schema_version": 0,
          "attributes": {
            "id": "sg-077b56885add156b1,Environment",
            "key": "Environment",
            "resource_id": "sg-077b56885add156b1",
            "value": "DevOpsAssignment"
          },
          "sensitive_attributes": [],
          "identity_schema_version": 0,
          "private": "bnVsbA==",
          "dependencies": [
            "module.eks_cluster.aws_cloudwatch_log_group.this",
            "module.eks_cluster.aws_eks_cluster.this",
            "module.eks_cluster.aws_iam_policy.cni_ipv6_policy",
            "module.eks_cluster.aws_iam_role.this",
            "module.eks_cluster.aws_iam_role_policy_attachment.this",
            "module.eks_cluster.aws_security_group.cluster",
            "module.eks_cluster.aws_security_group.node",
            "module.eks_cluster.aws_security_group_rule.cluster",
            "module.eks_cluster.aws_security_group_rule.node",
            "module.eks_cluster.data.aws_caller_identity.current",
            "module.eks_cluster.data.aws_iam_policy_document.assume_role_policy",
            "module.eks_cluster.data.aws_iam_policy_document.cni_ipv6_policy",
            "module.eks_cluster.data.aws_iam_session_context.current",
            "module.eks_cluster.data.aws_partition.current",
            "module.eks_cluster.module.kms.aws_kms_external_key.this",
            "module.eks_cluster.module.kms.aws_kms_key.this",
            "module.eks_cluster.module.kms.aws_kms_replica_external_key.this",
            "module.eks_cluster.module.kms.aws_kms_replica_key.this",
            "module.eks_cluster.module.kms.data.aws_caller_identity.current",
            "module.eks_cluster.module.kms.data.aws_iam_policy_document.this",
            "module.eks_cluster.module.kms.data.aws_partition.current",
            "module.vpc.aws_subnet.private",
            "module.vpc.aws_vpc.this",
            "module.vpc.aws_vpc_ipv4_cidr_block_association.this"
          ]
        },
        {
          "index_key": "Project",
          "schema_version": 0,
          "attributes": {
            "id": "sg-077b56885add156b1,Project",
            "key": "Project",
            "resource_id": "sg-077b56885add156b1",
            "value": "my-devops-eks-cluster"
          },
          "sensitive_attributes": [],
          "identity_schema_version": 0,
          "private": "bnVsbA==",
          "dependencies": [
            "module.eks_cluster.aws_cloudwatch_log_group.this",
            "module.eks_cluster.aws_eks_cluster.this",
            "module.eks_cluster.aws_iam_policy.cni_ipv6_policy",
            "module.eks_cluster.aws_iam_role.this",
            "module.eks_cluster.aws_iam_role_policy_attachment.this",
            "module.eks_cluster.aws_security_group.cluster",
            "module.eks_cluster.aws_security_group.node",
            "module.eks_cluster.aws_security_group_rule.cluster",
            "module.eks_cluster.aws_security_group_rule.node",
            "module.eks_cluster.data.aws_caller_identity.current",
            "module.eks_cluster.data.aws_iam_policy_document.assume_role_policy",
            "module.eks_cluster.data.aws_iam_policy_document.cni_ipv6_policy",
            "module.eks_cluster.data.aws_iam_session_context.current",
            "module.eks_cluster.data.aws_partition.current",
            "module.eks_cluster.module.kms.aws_kms_external_key.this",
            "module.eks_cluster.module.kms.aws_kms_key.this",
            "module.eks_cluster.module.kms.aws_kms_replica_external_key.this",
            "module.eks_cluster.module.kms.aws_kms_replica_key.this",
            "module.eks_cluster.module.kms.data.aws_caller_identity.current",
            "module.eks_cluster.module.kms.data.aws_iam_policy_document.this",
            "module.eks_cluster.module.kms.data.aws_partition.current",
            "module.vpc.aws_subnet.private",
            "module.vpc.aws_vpc.this",
            "module.vpc.aws_vpc_ipv4_cidr_block_association.this"
          ]
        }
      ]
    },
    {
      "module": "module.eks_cluster",
      "mode": "managed",
      "type": "aws_eks_cluster",
      "name": "this",
      "provider": "provider[\"registry.terraform.io/hashicorp/aws\"]",
      "instances": [
        {
          "index_key": 0,
          "schema_version": 1,
          "attributes": {
            "access_config": [
              {
                "authentication_mode": "CONFIG_MAP",
                "bootstrap_cluster_creator_admin_permissions": true
              }
            ],
            "arn": "arn:aws:eks:ap-south-1:841961777599:cluster/my-devops-eks-cluster",
            "bootstrap_self_managed_addons": true,
            "certificate_authority": [
              {
                "data": "LS0tLS1CRUdJTiBDRVJUSUZJQ0FURS0tLS0tCk1JSURCVENDQWUyZ0F3SUJBZ0lJYVVjVEVvMTFwazh3RFFZSktvWklodmNOQVFFTEJRQXdGVEVUTUJFR0ExVUUKQXhNS2EzVmlaWEp1WlhSbGN6QWVGdzB5TlRBM01URXhNVEU0TlRKYUZ3MHpOVEEzTURreE1USXpOVEphTUJVeApFekFSQmdOVkJBTVRDbXQxWW1WeWJtVjBaWE13Z2dFaU1BMEdDU3FHU0liM0RRRUJBUVVBQTRJQkR3QXdnZ0VLCkFvSUJBUUNWeVlScVV2a04xUVpnOXBaZWNSOGFlUVVqR0w1VXhKUlNKWDdwYm5YTENONGEyV2NVSVNZQTJjMTEKK1FvZTBkQ3NlekNDeHNIakZCZHplL2NpMFlWbmFaMlpJVU1kaTFGc1FZOFJBQVY3Q0QxU2V1eDVpMGM3THBHSQpDVzB5dS9XemNEMVNSZlhzdmZkaThRQmtTbkJaNE5iOGVKdUVxUGx3S0lUcG9oeTkvNjQ5V0dXMThGQjVhTCtMClRSMnd1bDFEYi8vOGFqQ1RUbHhSbFI0WFF3eUNoNFR1My9EM2hrNC9PZnE3MFhQTjF6R2JyUm9wN0VNd2toSWkKQmRhejZISm9iQnFWYm5GYzE3Wm5GU0JudXMyM3JxaFZjZXpWN1ozSUtQMGw1OERDV211cllqZzl1bm0xSlVkWQo4NGM1OWNUeFdYY21BcldydGh4Z3ZFY1M5R3l2QWdNQkFBR2pXVEJYTUE0R0ExVWREd0VCL3dRRUF3SUNwREFQCkJnTlZIUk1CQWY4RUJUQURBUUgvTUIwR0ExVWREZ1FXQkJReXVYTkhHNWVQdVVlTFg0RmtBOUM0d2NwSUhUQVYKQmdOVkhSRUVEakFNZ2dwcmRXSmxjbTVsZEdWek1BMEdDU3FHU0liM0RRRUJDd1VBQTRJQkFRQml2c1pyUUIrWQo4R1hPT2RsQmFsMlZESkJQanlwM29mMkRGbTg4bnJhNFNrd3pScWU4Zllkc2tXY1k4anZuclZrZVN6V1NFekZmCmdNRE5ySzBtVUJhaWhURVF5SG9WMm5nc1ZyaERXRE50SERNdDVhUUZzQmtYaTdIZlUyZ0lhcndNWk5ROFJRS28KaFdjbFNaTVVqb3UwZXBwTEExSEJhamVkUjVNNnQzNGt4cHFQOUxDcFJqaHJKRlFURWRQaG5xN1hlSWE3UU5TNQpseWt6YjhwcE42RUozMWZ0V2JRaExScjZUcy9PZ0dIbURUU1ptWDY1UTVYNXJBYTUzNER4WHJmbmRjWTJmRG9yCmZ3YmdhQWFydmkxamEyN2Rzem82RE83b21zcERCWm5lSXhXQXVkQ0RXSGxtREl6TExjeXF3ZFRKaFhXZkVEKzUKQzUxaEdKMTBzZUhRCi0tLS0tRU5EIENFUlRJRklDQVRFLS0tLS0K"
              }
            ],
            "cluster_id": null,
            "compute_config": [],
            "created_at": "2025-07-11T11:19:32Z",
            "enabled_cluster_log_types": [
              "api",
              "audit",
              "authenticator"
            ],
            "encryption_config": [
              {
                "provider": [
                  {
                    "key_arn": "arn:aws:kms:ap-south-1:841961777599:key/176a905b-cabe-4f6b-9d00-53f994eca607"
                  }
                ],
                "resources": [
                  "secrets"
                ]
              }
            ],
            "endpoint": "https://7D5DB150E078BCD3F8CD1D4014BA5A36.yl4.ap-south-1.eks.amazonaws.com",
            "force_update_version": null,
            "id": "my-devops-eks-cluster",
            "identity": [
              {
                "oidc": [
                  {
                    "issuer": "https://oidc.eks.ap-south-1.amazonaws.com/id/7D5DB150E078BCD3F8CD1D4014BA5A36"
                  }
                ]
              }
            ],
            "kubernetes_network_config": [
              {
                "elastic_load_balancing": [
                  {
                    "enabled": false
                  }
                ],
                "ip_family": "ipv4",
                "service_ipv4_cidr": "172.20.0.0/16",
                "service_ipv6_cidr": ""
              }
            ],
            "name": "my-devops-eks-cluster",
            "outpost_config": [],
            "platform_version": "eks.46",
            "remote_network_config": [],
            "role_arn": "arn:aws:iam::841961777599:role/my-devops-eks-cluster-cluster-20250711111903045700000001",
            "status": "ACTIVE",
            "storage_config": [],
            "tags": {
              "Environment": "DevOpsAssignment",
              "Project": "my-devops-eks-cluster"
            },
            "tags_all": {
              "Environment": "DevOpsAssignment",
              "Project": "my-devops-eks-cluster"
            },
            "timeouts": {
              "create": null,
              "delete": null,
              "update": null
            },
            "upgrade_policy": [
              {
                "support_type": "EXTENDED"
              }
            ],
            "version": "1.28",
            "vpc_config": [
              {
                "cluster_security_group_id": "sg-077b56885add156b1",
                "endpoint_private_access": true,
                "endpoint_public_access": false,
                "public_access_cidrs": [
                  "0.0.0.0/0"
                ],
                "security_group_ids": [
                  "sg-018a89f84762360e4"
                ],
                "subnet_ids": [
                  "subnet-08d665e32e091bdb8",
                  "subnet-0f14da3f520b54d1f"
                ],
                "vpc_id": "vpc-0ac3e546c2908ae53"
              }
            ],
            "zonal_shift_config": []
          },
          "sensitive_attributes": [],
          "identity_schema_version": 0,
          "private": "eyJlMmJmYjczMC1lY2FhLTExZTYtOGY4OC0zNDM2M2JjN2M0YzAiOnsiY3JlYXRlIjoxODAwMDAwMDAwMDAwLCJkZWxldGUiOjkwMDAwMDAwMDAwMCwidXBkYXRlIjozNjAwMDAwMDAwMDAwfSwic2NoZW1hX3ZlcnNpb24iOiIxIn0=",
          "dependencies": [
            "module.eks_cluster.aws_cloudwatch_log_group.this",
            "module.eks_cluster.aws_iam_policy.cni_ipv6_policy",
            "module.eks_cluster.aws_iam_role.this",
            "module.eks_cluster.aws_iam_role_policy_attachment.this",
            "module.eks_cluster.aws_security_group.cluster",
            "module.eks_cluster.aws_security_group.node",
            "module.eks_cluster.aws_security_group_rule.cluster",
            "module.eks_cluster.aws_security_group_rule.node",
            "module.eks_cluster.data.aws_caller_identity.current",
            "module.eks_cluster.data.aws_iam_policy_document.assume_role_policy",
            "module.eks_cluster.data.aws_iam_policy_document.cni_ipv6_policy",
            "module.eks_cluster.data.aws_iam_session_context.current",
            "module.eks_cluster.data.aws_partition.current",
            "module.eks_cluster.module.kms.aws_kms_external_key.this",
            "module.eks_cluster.module.kms.aws_kms_key.this",
            "module.eks_cluster.module.kms.aws_kms_replica_external_key.this",
            "module.eks_cluster.module.kms.aws_kms_replica_key.this",
            "module.eks_cluster.module.kms.data.aws_caller_identity.current",
            "module.eks_cluster.module.kms.data.aws_iam_policy_document.this",
            "module.eks_cluster.module.kms.data.aws_partition.current",
            "module.vpc.aws_subnet.private",
            "module.vpc.aws_vpc.this",
            "module.vpc.aws_vpc_ipv4_cidr_block_association.this"
          ],
          "create_before_destroy": true
        }
      ]
    },
    {
      "module": "module.eks_cluster",
      "mode": "managed",
      "type": "aws_iam_openid_connect_provider",
      "name": "oidc_provider",
      "provider": "provider[\"registry.terraform.io/hashicorp/aws\"]",
      "instances": [
        {
          "index_key": 0,
          "schema_version": 0,
          "attributes": {
            "arn": "arn:aws:iam::841961777599:oidc-provider/oidc.eks.ap-south-1.amazonaws.com/id/7D5DB150E078BCD3F8CD1D4014BA5A36",
            "client_id_list": [
              "sts.amazonaws.com"
            ],
            "id": "arn:aws:iam::841961777599:oidc-provider/oidc.eks.ap-south-1.amazonaws.com/id/7D5DB150E078BCD3F8CD1D4014BA5A36",
            "tags": {
              "Environment": "DevOpsAssignment",
              "Name": "my-devops-eks-cluster-eks-irsa",
              "Project": "my-devops-eks-cluster"
            },
            "tags_all": {
              "Environment": "DevOpsAssignment",
              "Name": "my-devops-eks-cluster-eks-irsa",
              "Project": "my-devops-eks-cluster"
            },
            "thumbprint_list": [
              "06b25927c42a721631c1efd9431e648fa62e1e39"
            ],
            "url": "oidc.eks.ap-south-1.amazonaws.com/id/7D5DB150E078BCD3F8CD1D4014BA5A36"
          },
          "sensitive_attributes": [],
          "identity_schema_version": 0,
          "private": "bnVsbA==",
          "dependencies": [
            "module.eks_cluster.aws_cloudwatch_log_group.this",
            "module.eks_cluster.aws_eks_cluster.this",
            "module.eks_cluster.aws_iam_policy.cni_ipv6_policy",
            "module.eks_cluster.aws_iam_role.this",
            "module.eks_cluster.aws_iam_role_policy_attachment.this",
            "module.eks_cluster.aws_security_group.cluster",
            "module.eks_cluster.aws_security_group.node",
            "module.eks_cluster.aws_security_group_rule.cluster",
            "module.eks_cluster.aws_security_group_rule.node",
            "module.eks_cluster.data.aws_caller_identity.current",
            "module.eks_cluster.data.aws_iam_policy_document.assume_role_policy",
            "module.eks_cluster.data.aws_iam_policy_document.cni_ipv6_policy",
            "module.eks_cluster.data.aws_iam_session_context.current",
            "module.eks_cluster.data.aws_partition.current",
            "module.eks_cluster.data.tls_certificate.this",
            "module.eks_cluster.module.kms.aws_kms_external_key.this",
            "module.eks_cluster.module.kms.aws_kms_key.this",
            "module.eks_cluster.module.kms.aws_kms_replica_external_key.this",
            "module.eks_cluster.module.kms.aws_kms_replica_key.this",
            "module.eks_cluster.module.kms.data.aws_caller_identity.current",
            "module.eks_cluster.module.kms.data.aws_iam_policy_document.this",
            "module.eks_cluster.module.kms.data.aws_partition.current",
            "module.vpc.aws_subnet.private",
            "module.vpc.aws_vpc.this",
            "module.vpc.aws_vpc_ipv4_cidr_block_association.this"
          ]
        }
      ]
    },
    {
      "module": "module.eks_cluster",
      "mode": "managed",
      "type": "aws_iam_policy",
      "name": "cluster_encryption",
      "provider": "provider[\"registry.terraform.io/hashicorp/aws\"]",
      "instances": [
        {
          "index_key": 0,
          "schema_version": 0,
          "attributes": {
            "arn": "arn:aws:iam::841961777599:policy/my-devops-eks-cluster-cluster-ClusterEncryption2025071111192889080000000e",
            "attachment_count": 1,
            "description": "Cluster encryption policy to allow cluster role to utilize CMK provided",
            "id": "arn:aws:iam::841961777599:policy/my-devops-eks-cluster-cluster-ClusterEncryption2025071111192889080000000e",
            "name": "my-devops-eks-cluster-cluster-ClusterEncryption2025071111192889080000000e",
            "name_prefix": "my-devops-eks-cluster-cluster-ClusterEncryption",
            "path": "/",
            "policy": "{\"Statement\":[{\"Action\":[\"kms:Encrypt\",\"kms:Decrypt\",\"kms:ListGrants\",\"kms:DescribeKey\"],\"Effect\":\"Allow\",\"Resource\":\"arn:aws:kms:ap-south-1:841961777599:key/176a905b-cabe-4f6b-9d00-53f994eca607\"}],\"Version\":\"2012-10-17\"}",
            "policy_id": "ANPA4ICGVFG7WXJPEN4NX",
            "tags": {
              "Environment": "DevOpsAssignment",
              "Project": "my-devops-eks-cluster"
            },
            "tags_all": {
              "Environment": "DevOpsAssignment",
              "Project": "my-devops-eks-cluster"
            }
          },
          "sensitive_attributes": [],
          "identity_schema_version": 0,
          "private": "bnVsbA==",
          "dependencies": [
            "module.eks_cluster.aws_iam_role.this",
            "module.eks_cluster.data.aws_caller_identity.current",
            "module.eks_cluster.data.aws_iam_policy_document.assume_role_policy",
            "module.eks_cluster.data.aws_iam_session_context.current",
            "module.eks_cluster.data.aws_partition.current",
            "module.eks_cluster.module.kms.aws_kms_external_key.this",
            "module.eks_cluster.module.kms.aws_kms_key.this",
            "module.eks_cluster.module.kms.aws_kms_replica_external_key.this",
            "module.eks_cluster.module.kms.aws_kms_replica_key.this",
            "module.eks_cluster.module.kms.data.aws_caller_identity.current",
            "module.eks_cluster.module.kms.data.aws_iam_policy_document.this",
            "module.eks_cluster.module.kms.data.aws_partition.current"
          ]
        }
      ]
    },
    {
      "module": "module.eks_cluster",
      "mode": "managed",
      "type": "aws_iam_role",
      "name": "this",
      "provider": "provider[\"registry.terraform.io/hashicorp/aws\"]",
      "instances": [
        {
          "index_key": 0,
          "schema_version": 0,
          "attributes": {
            "arn": "arn:aws:iam::841961777599:role/my-devops-eks-cluster-cluster-20250711111903045700000001",
            "assume_role_policy": "{\"Statement\":[{\"Action\":\"sts:AssumeRole\",\"Effect\":\"Allow\",\"Principal\":{\"Service\":\"eks.amazonaws.com\"},\"Sid\":\"EKSClusterAssumeRole\"}],\"Version\":\"2012-10-17\"}",
            "create_date": "2025-07-11T11:19:04Z",
            "description": "",
            "force_detach_policies": true,
            "id": "my-devops-eks-cluster-cluster-20250711111903045700000001",
            "inline_policy": [
              {
                "name": "my-devops-eks-cluster-cluster",
                "policy": "{\"Version\":\"2012-10-17\",\"Statement\":[{\"Action\":[\"logs:CreateLogGroup\"],\"Effect\":\"Deny\",\"Resource\":\"*\"}]}"
              }
            ],
            "managed_policy_arns": [
              "arn:aws:iam::841961777599:policy/my-devops-eks-cluster-cluster-ClusterEncryption2025071111192889080000000e",
              "arn:aws:iam::aws:policy/AmazonEKSClusterPolicy",
              "arn:aws:iam::aws:policy/AmazonEKSVPCResourceController"
            ],
            "max_session_duration": 3600,
            "name": "my-devops-eks-cluster-cluster-20250711111903045700000001",
            "name_prefix": "my-devops-eks-cluster-cluster-",
            "path": "/",
            "permissions_boundary": "",
            "tags": {
              "Environment": "DevOpsAssignment",
              "Project": "my-devops-eks-cluster"
            },
            "tags_all": {
              "Environment": "DevOpsAssignment",
              "Project": "my-devops-eks-cluster"
            },
            "unique_id": "AROA4ICGVFG7V45QYCMTU"
          },
          "sensitive_attributes": [],
          "identity_schema_version": 0,
          "private": "bnVsbA==",
          "dependencies": [
            "module.eks_cluster.data.aws_iam_policy_document.assume_role_policy",
            "module.eks_cluster.data.aws_partition.current"
          ],
          "create_before_destroy": true
        }
      ]
    },
    {
      "module": "module.eks_cluster",
      "mode": "managed",
      "type": "aws_iam_role_policy_attachment",
      "name": "cluster_encryption",
      "provider": "provider[\"registry.terraform.io/hashicorp/aws\"]",
      "instances": [
        {
          "index_key": 0,
          "schema_version": 0,
          "attributes": {
            "id": "my-devops-eks-cluster-cluster-20250711111903045700000001-2025071111193054770000000f",
            "policy_arn": "arn:aws:iam::841961777599:policy/my-devops-eks-cluster-cluster-ClusterEncryption2025071111192889080000000e",
            "role": "my-devops-eks-cluster-cluster-20250711111903045700000001"
          },
          "sensitive_attributes": [],
          "identity_schema_version": 0,
          "private": "bnVsbA==",
          "dependencies": [
            "module.eks_cluster.aws_iam_policy.cluster_encryption",
            "module.eks_cluster.aws_iam_role.this",
            "module.eks_cluster.data.aws_caller_identity.current",
            "module.eks_cluster.data.aws_iam_policy_document.assume_role_policy",
            "module.eks_cluster.data.aws_iam_session_context.current",
            "module.eks_cluster.data.aws_partition.current",
            "module.eks_cluster.module.kms.aws_kms_external_key.this",
            "module.eks_cluster.module.kms.aws_kms_key.this",
            "module.eks_cluster.module.kms.aws_kms_replica_external_key.this",
            "module.eks_cluster.module.kms.aws_kms_replica_key.this",
            "module.eks_cluster.module.kms.data.aws_caller_identity.current",
            "module.eks_cluster.module.kms.data.aws_iam_policy_document.this",
            "module.eks_cluster.module.kms.data.aws_partition.current"
          ]
        }
      ]
    },
    {
      "module": "module.eks_cluster",
      "mode": "managed",
      "type": "aws_iam_role_policy_attachment",
      "name": "this",
      "provider": "provider[\"registry.terraform.io/hashicorp/aws\"]",
      "instances": [
        {
          "index_key": "AmazonEKSClusterPolicy",
          "schema_version": 0,
          "attributes": {
            "id": "my-devops-eks-cluster-cluster-20250711111903045700000001-20250711111907382600000007",
            "policy_arn": "arn:aws:iam::aws:policy/AmazonEKSClusterPolicy",
            "role": "my-devops-eks-cluster-cluster-20250711111903045700000001"
          },
          "sensitive_attributes": [],
          "identity_schema_version": 0,
          "private": "bnVsbA==",
          "dependencies": [
            "module.eks_cluster.aws_iam_role.this",
            "module.eks_cluster.data.aws_iam_policy_document.assume_role_policy",
            "module.eks_cluster.data.aws_partition.current"
          ],
          "create_before_destroy": true
        },
        {
          "index_key": "AmazonEKSVPCResourceController",
          "schema_version": 0,
          "attributes": {
            "id": "my-devops-eks-cluster-cluster-20250711111903045700000001-20250711111907438100000008",
            "policy_arn": "arn:aws:iam::aws:policy/AmazonEKSVPCResourceController",
            "role": "my-devops-eks-cluster-cluster-20250711111903045700000001"
          },
          "sensitive_attributes": [],
          "identity_schema_version": 0,
          "private": "bnVsbA==",
          "dependencies": [
            "module.eks_cluster.aws_iam_role.this",
            "module.eks_cluster.data.aws_iam_policy_document.assume_role_policy",
            "module.eks_cluster.data.aws_partition.current"
          ],
          "create_before_destroy": true
        }
      ]
    },
    {
      "module": "module.eks_cluster",
      "mode": "managed",
      "type": "aws_security_group",
      "name": "cluster",
      "provider": "provider[\"registry.terraform.io/hashicorp/aws\"]",
      "instances": [
        {
          "index_key": 0,
          "schema_version": 1,
          "attributes": {
            "arn": "arn:aws:ec2:ap-south-1:841961777599:security-group/sg-018a89f84762360e4",
            "description": "EKS cluster security group",
            "egress": [],
            "id": "sg-018a89f84762360e4",
            "ingress": [
              {
                "cidr_blocks": [],
                "description": "Node groups to cluster API",
                "from_port": 443,
                "ipv6_cidr_blocks": [],
                "prefix_list_ids": [],
                "protocol": "tcp",
                "security_groups": [
                  "sg-03b3752b5bb007a93"
                ],
                "self": false,
                "to_port": 443
              }
            ],
            "name": "my-devops-eks-cluster-cluster-2025071111191725230000000a",
            "name_prefix": "my-devops-eks-cluster-cluster-",
            "owner_id": "841961777599",
            "revoke_rules_on_delete": false,
            "tags": {
              "Environment": "DevOpsAssignment",
              "Name": "my-devops-eks-cluster-cluster",
              "Project": "my-devops-eks-cluster"
            },
            "tags_all": {
              "Environment": "DevOpsAssignment",
              "Name": "my-devops-eks-cluster-cluster",
              "Project": "my-devops-eks-cluster"
            },
            "timeouts": null,
            "vpc_id": "vpc-0ac3e546c2908ae53"
          },
          "sensitive_attributes": [],
          "identity_schema_version": 0,
          "private": "eyJlMmJmYjczMC1lY2FhLTExZTYtOGY4OC0zNDM2M2JjN2M0YzAiOnsiY3JlYXRlIjo2MDAwMDAwMDAwMDAsImRlbGV0ZSI6OTAwMDAwMDAwMDAwfSwic2NoZW1hX3ZlcnNpb24iOiIxIn0=",
          "dependencies": [
            "module.vpc.aws_vpc.this"
          ],
          "create_before_destroy": true
        }
      ]
    },
    {
      "module": "module.eks_cluster",
      "mode": "managed",
      "type": "aws_security_group",
      "name": "node",
      "provider": "provider[\"registry.terraform.io/hashicorp/aws\"]",
      "instances": [
        {
          "index_key": 0,
          "schema_version": 1,
          "attributes": {
            "arn": "arn:aws:ec2:ap-south-1:841961777599:security-group/sg-03b3752b5bb007a93",
            "description": "EKS node shared security group",
            "egress": [
              {
                "cidr_blocks": [
                  "0.0.0.0/0"
                ],
                "description": "Allow all egress",
                "from_port": 0,
                "ipv6_cidr_blocks": [],
                "prefix_list_ids": [],
                "protocol": "-1",
                "security_groups": [],
                "self": false,
                "to_port": 0
              }
            ],
            "id": "sg-03b3752b5bb007a93",
            "ingress": [
              {
                "cidr_blocks": [],
                "description": "Cluster API to node 4443/tcp webhook",
                "from_port": 4443,
                "ipv6_cidr_blocks": [],
                "prefix_list_ids": [],
                "protocol": "tcp",
                "security_groups": [
                  "sg-018a89f84762360e4"
                ],
                "self": false,
                "to_port": 4443
              },
              {
                "cidr_blocks": [],
                "description": "Cluster API to node 6443/tcp webhook",
                "from_port": 6443,
                "ipv6_cidr_blocks": [],
                "prefix_list_ids": [],
                "protocol": "tcp",
                "security_groups": [
                  "sg-018a89f84762360e4"
                ],
                "self": false,
                "to_port": 6443
              },
              {
                "cidr_blocks": [],
                "description": "Cluster API to node 8443/tcp webhook",
                "from_port": 8443,
                "ipv6_cidr_blocks": [],
                "prefix_list_ids": [],
                "protocol": "tcp",
                "security_groups": [
                  "sg-018a89f84762360e4"
                ],
                "self": false,
                "to_port": 8443
              },
              {
                "cidr_blocks": [],
                "description": "Cluster API to node 9443/tcp webhook",
                "from_port": 9443,
                "ipv6_cidr_blocks": [],
                "prefix_list_ids": [],
                "protocol": "tcp",
                "security_groups": [
                  "sg-018a89f84762360e4"
                ],
                "self": false,
                "to_port": 9443
              },
              {
                "cidr_blocks": [],
                "description": "Cluster API to node groups",
                "from_port": 443,
                "ipv6_cidr_blocks": [],
                "prefix_list_ids": [],
                "protocol": "tcp",
                "security_groups": [
                  "sg-018a89f84762360e4"
                ],
                "self": false,
                "to_port": 443
              },
              {
                "cidr_blocks": [],
                "description": "Cluster API to node kubelets",
                "from_port": 10250,
                "ipv6_cidr_blocks": [],
                "prefix_list_ids": [],
                "protocol": "tcp",
                "security_groups": [
                  "sg-018a89f84762360e4"
                ],
                "self": false,
                "to_port": 10250
              },
              {
                "cidr_blocks": [],
                "description": "Node to node CoreDNS UDP",
                "from_port": 53,
                "ipv6_cidr_blocks": [],
                "prefix_list_ids": [],
                "protocol": "udp",
                "security_groups": [],
                "self": true,
                "to_port": 53
              },
              {
                "cidr_blocks": [],
                "description": "Node to node CoreDNS",
                "from_port": 53,
                "ipv6_cidr_blocks": [],
                "prefix_list_ids": [],
                "protocol": "tcp",
                "security_groups": [],
                "self": true,
                "to_port": 53
              },
              {
                "cidr_blocks": [],
                "description": "Node to node ingress on ephemeral ports",
                "from_port": 1025,
                "ipv6_cidr_blocks": [],
                "prefix_list_ids": [],
                "protocol": "tcp",
                "security_groups": [],
                "self": true,
                "to_port": 65535
              }
            ],
            "name": "my-devops-eks-cluster-node-2025071111191826350000000c",
            "name_prefix": "my-devops-eks-cluster-node-",
            "owner_id": "841961777599",
            "revoke_rules_on_delete": false,
            "tags": {
              "Environment": "DevOpsAssignment",
              "Name": "my-devops-eks-cluster-node",
              "Project": "my-devops-eks-cluster",
              "kubernetes.io/cluster/my-devops-eks-cluster": "owned"
            },
            "tags_all": {
              "Environment": "DevOpsAssignment",
              "Name": "my-devops-eks-cluster-node",
              "Project": "my-devops-eks-cluster",
              "kubernetes.io/cluster/my-devops-eks-cluster": "owned"
            },
            "timeouts": null,
            "vpc_id": "vpc-0ac3e546c2908ae53"
          },
          "sensitive_attributes": [],
          "identity_schema_version": 0,
          "private": "eyJlMmJmYjczMC1lY2FhLTExZTYtOGY4OC0zNDM2M2JjN2M0YzAiOnsiY3JlYXRlIjo2MDAwMDAwMDAwMDAsImRlbGV0ZSI6OTAwMDAwMDAwMDAwfSwic2NoZW1hX3ZlcnNpb24iOiIxIn0=",
          "dependencies": [
            "module.vpc.aws_vpc.this"
          ],
          "create_before_destroy": true
        }
      ]
    },
    {
      "module": "module.eks_cluster",
      "mode": "managed",
      "type": "aws_security_group_rule",
      "name": "cluster",
      "provider": "provider[\"registry.terraform.io/hashicorp/aws\"]",
      "instances": [
        {
          "index_key": "ingress_nodes_443",
          "schema_version": 2,
          "attributes": {
            "cidr_blocks": null,
            "description": "Node groups to cluster API",
            "from_port": 443,
            "id": "sgrule-3851179997",
            "ipv6_cidr_blocks": null,
            "prefix_list_ids": null,
            "protocol": "tcp",
            "security_group_id": "sg-018a89f84762360e4",
            "security_group_rule_id": "sgr-0815c3bfb7b6efb85",
            "self": false,
            "source_security_group_id": "sg-03b3752b5bb007a93",
            "timeouts": null,
            "to_port": 443,
            "type": "ingress"
          },
          "sensitive_attributes": [],
          "identity_schema_version": 0,
          "private": "eyJlMmJmYjczMC1lY2FhLTExZTYtOGY4OC0zNDM2M2JjN2M0YzAiOnsiY3JlYXRlIjozMDAwMDAwMDAwMDB9LCJzY2hlbWFfdmVyc2lvbiI6IjIifQ==",
          "dependencies": [
            "module.eks_cluster.aws_security_group.cluster",
            "module.eks_cluster.aws_security_group.node",
            "module.vpc.aws_vpc.this"
          ],
          "create_before_destroy": true
        }
      ]
    },
    {
      "module": "module.eks_cluster",
      "mode": "managed",
      "type": "aws_security_group_rule",
      "name": "node",
      "provider": "provider[\"registry.terraform.io/hashicorp/aws\"]",
      "instances": [
        {
          "index_key": "egress_all",
          "schema_version": 2,
          "attributes": {
            "cidr_blocks": [
              "0.0.0.0/0"
            ],
            "description": "Allow all egress",
            "from_port": 0,
            "id": "sgrule-1917242063",
            "ipv6_cidr_blocks": null,
            "prefix_list_ids": [],
            "protocol": "-1",
            "security_group_id": "sg-03b3752b5bb007a93",
            "security_group_rule_id": "sgr-0c0e1a8d8f40ff3a2",
            "self": false,
            "source_security_group_id": null,
            "timeouts": null,
            "to_port": 0,
            "type": "egress"
          },
          "sensitive_attributes": [],
          "identity_schema_version": 0,
          "private": "eyJlMmJmYjczMC1lY2FhLTExZTYtOGY4OC0zNDM2M2JjN2M0YzAiOnsiY3JlYXRlIjozMDAwMDAwMDAwMDB9LCJzY2hlbWFfdmVyc2lvbiI6IjIifQ==",
          "dependencies": [
            "module.eks_cluster.aws_security_group.cluster",
            "module.eks_cluster.aws_security_group.node",
            "module.vpc.aws_vpc.this"
          ],
          "create_before_destroy": true
        },
        {
          "index_key": "ingress_cluster_443",
          "schema_version": 2,
          "attributes": {
            "cidr_blocks": null,
            "description": "Cluster API to node groups",
            "from_port": 443,
            "id": "sgrule-1531799172",
            "ipv6_cidr_blocks": null,
            "prefix_list_ids": [],
            "protocol": "tcp",
            "security_group_id": "sg-03b3752b5bb007a93",
            "security_group_rule_id": "sgr-0f21453dbdd14e432",
            "self": false,
            "source_security_group_id": "sg-018a89f84762360e4",
            "timeouts": null,
            "to_port": 443,
            "type": "ingress"
          },
          "sensitive_attributes": [],
          "identity_schema_version": 0,
          "private": "eyJlMmJmYjczMC1lY2FhLTExZTYtOGY4OC0zNDM2M2JjN2M0YzAiOnsiY3JlYXRlIjozMDAwMDAwMDAwMDB9LCJzY2hlbWFfdmVyc2lvbiI6IjIifQ==",
          "dependencies": [
            "module.eks_cluster.aws_security_group.cluster",
            "module.eks_cluster.aws_security_group.node",
            "module.vpc.aws_vpc.this"
          ],
          "create_before_destroy": true
        },
        {
          "index_key": "ingress_cluster_4443_webhook",
          "schema_version": 2,
          "attributes": {
            "cidr_blocks": null,
            "description": "Cluster API to node 4443/tcp webhook",
            "from_port": 4443,
            "id": "sgrule-3989760854",
            "ipv6_cidr_blocks": null,
            "prefix_list_ids": [],
            "protocol": "tcp",
            "security_group_id": "sg-03b3752b5bb007a93",
            "security_group_rule_id": "sgr-0c3b39dbc16bfa944",
            "self": false,
            "source_security_group_id": "sg-018a89f84762360e4",
            "timeouts": null,
            "to_port": 4443,
            "type": "ingress"
          },
          "sensitive_attributes": [],
          "identity_schema_version": 0,
          "private": "eyJlMmJmYjczMC1lY2FhLTExZTYtOGY4OC0zNDM2M2JjN2M0YzAiOnsiY3JlYXRlIjozMDAwMDAwMDAwMDB9LCJzY2hlbWFfdmVyc2lvbiI6IjIifQ==",
          "dependencies": [
            "module.eks_cluster.aws_security_group.cluster",
            "module.eks_cluster.aws_security_group.node",
            "module.vpc.aws_vpc.this"
          ],
          "create_before_destroy": true
        },
        {
          "index_key": "ingress_cluster_6443_webhook",
          "schema_version": 2,
          "attributes": {
            "cidr_blocks": null,
            "description": "Cluster API to node 6443/tcp webhook",
            "from_port": 6443,
            "id": "sgrule-613190848",
            "ipv6_cidr_blocks": null,
            "prefix_list_ids": [],
            "protocol": "tcp",
            "security_group_id": "sg-03b3752b5bb007a93",
            "security_group_rule_id": "sgr-079412b82b997f027",
            "self": false,
            "source_security_group_id": "sg-018a89f84762360e4",
            "timeouts": null,
            "to_port": 6443,
            "type": "ingress"
          },
          "sensitive_attributes": [],
          "identity_schema_version": 0,
          "private": "eyJlMmJmYjczMC1lY2FhLTExZTYtOGY4OC0zNDM2M2JjN2M0YzAiOnsiY3JlYXRlIjozMDAwMDAwMDAwMDB9LCJzY2hlbWFfdmVyc2lvbiI6IjIifQ==",
          "dependencies": [
            "module.eks_cluster.aws_security_group.cluster",
            "module.eks_cluster.aws_security_group.node",
            "module.vpc.aws_vpc.this"
          ],
          "create_before_destroy": true
        },
        {
          "index_key": "ingress_cluster_8443_webhook",
          "schema_version": 2,
          "attributes": {
            "cidr_blocks": null,
            "description": "Cluster API to node 8443/tcp webhook",
            "from_port": 8443,
            "id": "sgrule-936423649",
            "ipv6_cidr_blocks": null,
            "prefix_list_ids": [],
            "protocol": "tcp",
            "security_group_id": "sg-03b3752b5bb007a93",
            "security_group_rule_id": "sgr-021232811e91ae8f4",
            "self": false,
            "source_security_group_id": "sg-018a89f84762360e4",
            "timeouts": null,
            "to_port": 8443,
            "type": "ingress"
          },
          "sensitive_attributes": [],
          "identity_schema_version": 0,
          "private": "eyJlMmJmYjczMC1lY2FhLTExZTYtOGY4OC0zNDM2M2JjN2M0YzAiOnsiY3JlYXRlIjozMDAwMDAwMDAwMDB9LCJzY2hlbWFfdmVyc2lvbiI6IjIifQ==",
          "dependencies": [
            "module.eks_cluster.aws_security_group.cluster",
            "module.eks_cluster.aws_security_group.node",
            "module.vpc.aws_vpc.this"
          ],
          "create_before_destroy": true
        },
        {
          "index_key": "ingress_cluster_9443_webhook",
          "schema_version": 2,
          "attributes": {
            "cidr_blocks": null,
            "description": "Cluster API to node 9443/tcp webhook",
            "from_port": 9443,
            "id": "sgrule-1399948074",
            "ipv6_cidr_blocks": null,
            "prefix_list_ids": [],
            "protocol": "tcp",
            "security_group_id": "sg-03b3752b5bb007a93",
            "security_group_rule_id": "sgr-04bc4cde5881568ac",
            "self": false,
            "source_security_group_id": "sg-018a89f84762360e4",
            "timeouts": null,
            "to_port": 9443,
            "type": "ingress"
          },
          "sensitive_attributes": [],
          "identity_schema_version": 0,
          "private": "eyJlMmJmYjczMC1lY2FhLTExZTYtOGY4OC0zNDM2M2JjN2M0YzAiOnsiY3JlYXRlIjozMDAwMDAwMDAwMDB9LCJzY2hlbWFfdmVyc2lvbiI6IjIifQ==",
          "dependencies": [
            "module.eks_cluster.aws_security_group.cluster",
            "module.eks_cluster.aws_security_group.node",
            "module.vpc.aws_vpc.this"
          ],
          "create_before_destroy": true
        },
        {
          "index_key": "ingress_cluster_kubelet",
          "schema_version": 2,
          "attributes": {
            "cidr_blocks": null,
            "description": "Cluster API to node kubelets",
            "from_port": 10250,
            "id": "sgrule-1991234139",
            "ipv6_cidr_blocks": null,
            "prefix_list_ids": [],
            "protocol": "tcp",
            "security_group_id": "sg-03b3752b5bb007a93",
            "security_group_rule_id": "sgr-058fbeda4389a185a",
            "self": false,
            "source_security_group_id": "sg-018a89f84762360e4",
            "timeouts": null,
            "to_port": 10250,
            "type": "ingress"
          },
          "sensitive_attributes": [],
          "identity_schema_version": 0,
          "private": "eyJlMmJmYjczMC1lY2FhLTExZTYtOGY4OC0zNDM2M2JjN2M0YzAiOnsiY3JlYXRlIjozMDAwMDAwMDAwMDB9LCJzY2hlbWFfdmVyc2lvbiI6IjIifQ==",
          "dependencies": [
            "module.eks_cluster.aws_security_group.cluster",
            "module.eks_cluster.aws_security_group.node",
            "module.vpc.aws_vpc.this"
          ],
          "create_before_destroy": true
        },
        {
          "index_key": "ingress_nodes_ephemeral",
          "schema_version": 2,
          "attributes": {
            "cidr_blocks": null,
            "description": "Node to node ingress on ephemeral ports",
            "from_port": 1025,
            "id": "sgrule-3827229889",
            "ipv6_cidr_blocks": null,
            "prefix_list_ids": [],
            "protocol": "tcp",
            "security_group_id": "sg-03b3752b5bb007a93",
            "security_group_rule_id": "sgr-09d8ca59b0bff4904",
            "self": true,
            "source_security_group_id": null,
            "timeouts": null,
            "to_port": 65535,
            "type": "ingress"
          },
          "sensitive_attributes": [],
          "identity_schema_version": 0,
          "private": "eyJlMmJmYjczMC1lY2FhLTExZTYtOGY4OC0zNDM2M2JjN2M0YzAiOnsiY3JlYXRlIjozMDAwMDAwMDAwMDB9LCJzY2hlbWFfdmVyc2lvbiI6IjIifQ==",
          "dependencies": [
            "module.eks_cluster.aws_security_group.cluster",
            "module.eks_cluster.aws_security_group.node",
            "module.vpc.aws_vpc.this"
          ],
          "create_before_destroy": true
        },
        {
          "index_key": "ingress_self_coredns_tcp",
          "schema_version": 2,
          "attributes": {
            "cidr_blocks": null,
            "description": "Node to node CoreDNS",
            "from_port": 53,
            "id": "sgrule-1814879995",
            "ipv6_cidr_blocks": null,
            "prefix_list_ids": [],
            "protocol": "tcp",
            "security_group_id": "sg-03b3752b5bb007a93",
            "security_group_rule_id": "sgr-0dc8ebd5864d11ff8",
            "self": true,
            "source_security_group_id": null,
            "timeouts": null,
            "to_port": 53,
            "type": "ingress"
          },
          "sensitive_attributes": [],
          "identity_schema_version": 0,
          "private": "eyJlMmJmYjczMC1lY2FhLTExZTYtOGY4OC0zNDM2M2JjN2M0YzAiOnsiY3JlYXRlIjozMDAwMDAwMDAwMDB9LCJzY2hlbWFfdmVyc2lvbiI6IjIifQ==",
          "dependencies": [
            "module.eks_cluster.aws_security_group.cluster",
            "module.eks_cluster.aws_security_group.node",
            "module.vpc.aws_vpc.this"
          ],
          "create_before_destroy": true
        },
        {
          "index_key": "ingress_self_coredns_udp",
          "schema_version": 2,
          "attributes": {
            "cidr_blocks": null,
            "description": "Node to node CoreDNS UDP",
            "from_port": 53,
            "id": "sgrule-3363011860",
            "ipv6_cidr_blocks": null,
            "prefix_list_ids": [],
            "protocol": "udp",
            "security_group_id": "sg-03b3752b5bb007a93",
            "security_group_rule_id": "sgr-0feb39e895d144432",
            "self": true,
            "source_security_group_id": null,
            "timeouts": null,
            "to_port": 53,
            "type": "ingress"
          },
          "sensitive_attributes": [],
          "identity_schema_version": 0,
          "private": "eyJlMmJmYjczMC1lY2FhLTExZTYtOGY4OC0zNDM2M2JjN2M0YzAiOnsiY3JlYXRlIjozMDAwMDAwMDAwMDB9LCJzY2hlbWFfdmVyc2lvbiI6IjIifQ==",
          "dependencies": [
            "module.eks_cluster.aws_security_group.cluster",
            "module.eks_cluster.aws_security_group.node",
            "module.vpc.aws_vpc.this"
          ],
          "create_before_destroy": true
        }
      ]
    },
    {
      "module": "module.eks_cluster",
      "mode": "managed",
      "type": "time_sleep",
      "name": "this",
      "provider": "provider[\"registry.terraform.io/hashicorp/time\"]",
      "instances": [
        {
          "index_key": 0,
          "schema_version": 0,
          "attributes": {
            "create_duration": "30s",
            "destroy_duration": null,
            "id": "2025-07-11T11:28:51Z",
            "triggers": {
              "cluster_certificate_authority_data": "LS0tLS1CRUdJTiBDRVJUSUZJQ0FURS0tLS0tCk1JSURCVENDQWUyZ0F3SUJBZ0lJYVVjVEVvMTFwazh3RFFZSktvWklodmNOQVFFTEJRQXdGVEVUTUJFR0ExVUUKQXhNS2EzVmlaWEp1WlhSbGN6QWVGdzB5TlRBM01URXhNVEU0TlRKYUZ3MHpOVEEzTURreE1USXpOVEphTUJVeApFekFSQmdOVkJBTVRDbXQxWW1WeWJtVjBaWE13Z2dFaU1BMEdDU3FHU0liM0RRRUJBUVVBQTRJQkR3QXdnZ0VLCkFvSUJBUUNWeVlScVV2a04xUVpnOXBaZWNSOGFlUVVqR0w1VXhKUlNKWDdwYm5YTENONGEyV2NVSVNZQTJjMTEKK1FvZTBkQ3NlekNDeHNIakZCZHplL2NpMFlWbmFaMlpJVU1kaTFGc1FZOFJBQVY3Q0QxU2V1eDVpMGM3THBHSQpDVzB5dS9XemNEMVNSZlhzdmZkaThRQmtTbkJaNE5iOGVKdUVxUGx3S0lUcG9oeTkvNjQ5V0dXMThGQjVhTCtMClRSMnd1bDFEYi8vOGFqQ1RUbHhSbFI0WFF3eUNoNFR1My9EM2hrNC9PZnE3MFhQTjF6R2JyUm9wN0VNd2toSWkKQmRhejZISm9iQnFWYm5GYzE3Wm5GU0JudXMyM3JxaFZjZXpWN1ozSUtQMGw1OERDV211cllqZzl1bm0xSlVkWQo4NGM1OWNUeFdYY21BcldydGh4Z3ZFY1M5R3l2QWdNQkFBR2pXVEJYTUE0R0ExVWREd0VCL3dRRUF3SUNwREFQCkJnTlZIUk1CQWY4RUJUQURBUUgvTUIwR0ExVWREZ1FXQkJReXVYTkhHNWVQdVVlTFg0RmtBOUM0d2NwSUhUQVYKQmdOVkhSRUVEakFNZ2dwcmRXSmxjbTVsZEdWek1BMEdDU3FHU0liM0RRRUJDd1VBQTRJQkFRQml2c1pyUUIrWQo4R1hPT2RsQmFsMlZESkJQanlwM29mMkRGbTg4bnJhNFNrd3pScWU4Zllkc2tXY1k4anZuclZrZVN6V1NFekZmCmdNRE5ySzBtVUJhaWhURVF5SG9WMm5nc1ZyaERXRE50SERNdDVhUUZzQmtYaTdIZlUyZ0lhcndNWk5ROFJRS28KaFdjbFNaTVVqb3UwZXBwTEExSEJhamVkUjVNNnQzNGt4cHFQOUxDcFJqaHJKRlFURWRQaG5xN1hlSWE3UU5TNQpseWt6YjhwcE42RUozMWZ0V2JRaExScjZUcy9PZ0dIbURUU1ptWDY1UTVYNXJBYTUzNER4WHJmbmRjWTJmRG9yCmZ3YmdhQWFydmkxamEyN2Rzem82RE83b21zcERCWm5lSXhXQXVkQ0RXSGxtREl6TExjeXF3ZFRKaFhXZkVEKzUKQzUxaEdKMTBzZUhRCi0tLS0tRU5EIENFUlRJRklDQVRFLS0tLS0K",
              "cluster_endpoint": "https://7D5DB150E078BCD3F8CD1D4014BA5A36.yl4.ap-south-1.eks.amazonaws.com",
              "cluster_name": "my-devops-eks-cluster",
              "cluster_version": "1.28"
            }
          },
          "sensitive_attributes": [],
          "identity_schema_version": 0,
          "dependencies": [
            "module.eks_cluster.aws_cloudwatch_log_group.this",
            "module.eks_cluster.aws_eks_cluster.this",
            "module.eks_cluster.aws_iam_policy.cni_ipv6_policy",
            "module.eks_cluster.aws_iam_role.this",
            "module.eks_cluster.aws_iam_role_policy_attachment.this",
            "module.eks_cluster.aws_security_group.cluster",
            "module.eks_cluster.aws_security_group.node",
            "module.eks_cluster.aws_security_group_rule.cluster",
            "module.eks_cluster.aws_security_group_rule.node",
            "module.eks_cluster.data.aws_caller_identity.current",
            "module.eks_cluster.data.aws_iam_policy_document.assume_role_policy",
            "module.eks_cluster.data.aws_iam_policy_document.cni_ipv6_policy",
            "module.eks_cluster.data.aws_iam_session_context.current",
            "module.eks_cluster.data.aws_partition.current",
            "module.eks_cluster.module.kms.aws_kms_external_key.this",
            "module.eks_cluster.module.kms.aws_kms_key.this",
            "module.eks_cluster.module.kms.aws_kms_replica_external_key.this",
            "module.eks_cluster.module.kms.aws_kms_replica_key.this",
            "module.eks_cluster.module.kms.data.aws_caller_identity.current",
            "module.eks_cluster.module.kms.data.aws_iam_policy_document.this",
            "module.eks_cluster.module.kms.data.aws_partition.current",
            "module.vpc.aws_subnet.private",
            "module.vpc.aws_vpc.this",
            "module.vpc.aws_vpc_ipv4_cidr_block_association.this"
          ],
          "create_before_destroy": true
        }
      ]
    },
    {
      "module": "module.eks_cluster.module.kms",
      "mode": "data",
      "type": "aws_caller_identity",
      "name": "current",
      "provider": "provider[\"registry.terraform.io/hashicorp/aws\"]",
      "instances": [
        {
          "index_key": 0,
          "schema_version": 0,
          "attributes": {
            "account_id": "841961777599",
            "arn": "arn:aws:iam::841961777599:user/terraform-admin-user",
            "id": "841961777599",
            "user_id": "AIDA4ICGVFG77VABNZSSS"
          },
          "sensitive_attributes": [],
          "identity_schema_version": 0
        }
      ]
    },
    {
      "module": "module.eks_cluster.module.kms",
      "mode": "data",
      "type": "aws_iam_policy_document",
      "name": "this",
      "provider": "provider[\"registry.terraform.io/hashicorp/aws\"]",
      "instances": [
        {
          "index_key": 0,
          "schema_version": 0,
          "attributes": {
            "id": "1927759316",
            "json": "{\n  \"Version\": \"2012-10-17\",\n  \"Statement\": [\n    {\n      \"Sid\": \"KeyAdministration\",\n      \"Effect\": \"Allow\",\n      \"Action\": [\n        \"kms:Update*\",\n        \"kms:UntagResource\",\n        \"kms:TagResource\",\n        \"kms:ScheduleKeyDeletion\",\n        \"kms:Revoke*\",\n        \"kms:ReplicateKey\",\n        \"kms:Put*\",\n        \"kms:List*\",\n        \"kms:ImportKeyMaterial\",\n        \"kms:Get*\",\n        \"kms:Enable*\",\n        \"kms:Disable*\",\n        \"kms:Describe*\",\n        \"kms:Delete*\",\n        \"kms:Create*\",\n        \"kms:CancelKeyDeletion\"\n      ],\n      \"Resource\": \"*\",\n      \"Principal\": {\n        \"AWS\": \"arn:aws:iam::841961777599:user/terraform-admin-user\"\n      }\n    },\n    {\n      \"Sid\": \"KeyUsage\",\n      \"Effect\": \"Allow\",\n      \"Action\": [\n        \"kms:ReEncrypt*\",\n        \"kms:GenerateDataKey*\",\n        \"kms:Encrypt\",\n        \"kms:DescribeKey\",\n        \"kms:Decrypt\"\n      ],\n      \"Resource\": \"*\",\n      \"Principal\": {\n        \"AWS\": \"arn:aws:iam::841961777599:role/my-devops-eks-cluster-cluster-20250711111903045700000001\"\n      }\n    }\n  ]\n}",
            "minified_json": "{\"Version\":\"2012-10-17\",\"Statement\":[{\"Sid\":\"KeyAdministration\",\"Effect\":\"Allow\",\"Action\":[\"kms:Update*\",\"kms:UntagResource\",\"kms:TagResource\",\"kms:ScheduleKeyDeletion\",\"kms:Revoke*\",\"kms:ReplicateKey\",\"kms:Put*\",\"kms:List*\",\"kms:ImportKeyMaterial\",\"kms:Get*\",\"kms:Enable*\",\"kms:Disable*\",\"kms:Describe*\",\"kms:Delete*\",\"kms:Create*\",\"kms:CancelKeyDeletion\"],\"Resource\":\"*\",\"Principal\":{\"AWS\":\"arn:aws:iam::841961777599:user/terraform-admin-user\"}},{\"Sid\":\"KeyUsage\",\"Effect\":\"Allow\",\"Action\":[\"kms:ReEncrypt*\",\"kms:GenerateDataKey*\",\"kms:Encrypt\",\"kms:DescribeKey\",\"kms:Decrypt\"],\"Resource\":\"*\",\"Principal\":{\"AWS\":\"arn:aws:iam::841961777599:role/my-devops-eks-cluster-cluster-20250711111903045700000001\"}}]}",
            "override_json": null,
            "override_policy_documents": null,
            "policy_id": null,
            "source_json": null,
            "source_policy_documents": null,
            "statement": [
              {
                "actions": [
                  "kms:CancelKeyDeletion",
                  "kms:Create*",
                  "kms:Delete*",
                  "kms:Describe*",
                  "kms:Disable*",
                  "kms:Enable*",
                  "kms:Get*",
                  "kms:ImportKeyMaterial",
                  "kms:List*",
                  "kms:Put*",
                  "kms:ReplicateKey",
                  "kms:Revoke*",
                  "kms:ScheduleKeyDeletion",
                  "kms:TagResource",
                  "kms:UntagResource",
                  "kms:Update*"
                ],
                "condition": [],
                "effect": "Allow",
                "not_actions": [],
                "not_principals": [],
                "not_resources": [],
                "principals": [
                  {
                    "identifiers": [
                      "arn:aws:iam::841961777599:user/terraform-admin-user"
                    ],
                    "type": "AWS"
                  }
                ],
                "resources": [
                  "*"
                ],
                "sid": "KeyAdministration"
              },
              {
                "actions": [
                  "kms:Decrypt",
                  "kms:DescribeKey",
                  "kms:Encrypt",
                  "kms:GenerateDataKey*",
                  "kms:ReEncrypt*"
                ],
                "condition": [],
                "effect": "Allow",
                "not_actions": [],
                "not_principals": [],
                "not_resources": [],
                "principals": [
                  {
                    "identifiers": [
                      "arn:aws:iam::841961777599:role/my-devops-eks-cluster-cluster-20250711111903045700000001"
                    ],
                    "type": "AWS"
                  }
                ],
                "resources": [
                  "*"
                ],
                "sid": "KeyUsage"
              }
            ],
            "version": "2012-10-17"
          },
          "sensitive_attributes": [],
          "identity_schema_version": 0
        }
      ]
    },
    {
      "module": "module.eks_cluster.module.kms",
      "mode": "data",
      "type": "aws_partition",
      "name": "current",
      "provider": "provider[\"registry.terraform.io/hashicorp/aws\"]",
      "instances": [
        {
          "index_key": 0,
          "schema_version": 0,
          "attributes": {
            "dns_suffix": "amazonaws.com",
            "id": "aws",
            "partition": "aws",
            "reverse_dns_prefix": "com.amazonaws"
          },
          "sensitive_attributes": [],
          "identity_schema_version": 0
        }
      ]
    },
    {
      "module": "module.eks_cluster.module.kms",
      "mode": "managed",
      "type": "aws_kms_alias",
      "name": "this",
      "provider": "provider[\"registry.terraform.io/hashicorp/aws\"]",
      "instances": [
        {
          "index_key": "cluster",
          "schema_version": 0,
          "attributes": {
            "arn": "arn:aws:kms:ap-south-1:841961777599:alias/eks/my-devops-eks-cluster",
            "id": "alias/eks/my-devops-eks-cluster",
            "name": "alias/eks/my-devops-eks-cluster",
            "name_prefix": "",
            "target_key_arn": "arn:aws:kms:ap-south-1:841961777599:key/176a905b-cabe-4f6b-9d00-53f994eca607",
            "target_key_id": "176a905b-cabe-4f6b-9d00-53f994eca607"
          },
          "sensitive_attributes": [],
          "identity_schema_version": 0,
          "private": "bnVsbA==",
          "dependencies": [
            "module.eks_cluster.aws_iam_role.this",
            "module.eks_cluster.data.aws_caller_identity.current",
            "module.eks_cluster.data.aws_iam_policy_document.assume_role_policy",
            "module.eks_cluster.data.aws_iam_session_context.current",
            "module.eks_cluster.data.aws_partition.current",
            "module.eks_cluster.module.kms.aws_kms_external_key.this",
            "module.eks_cluster.module.kms.aws_kms_key.this",
            "module.eks_cluster.module.kms.aws_kms_replica_external_key.this",
            "module.eks_cluster.module.kms.aws_kms_replica_key.this",
            "module.eks_cluster.module.kms.data.aws_caller_identity.current",
            "module.eks_cluster.module.kms.data.aws_iam_policy_document.this",
            "module.eks_cluster.module.kms.data.aws_partition.current"
          ]
        }
      ]
    },
    {
      "module": "module.eks_cluster.module.kms",
      "mode": "managed",
      "type": "aws_kms_key",
      "name": "this",
      "provider": "provider[\"registry.terraform.io/hashicorp/aws\"]",
      "instances": [
        {
          "index_key": 0,
          "schema_version": 0,
          "attributes": {
            "arn": "arn:aws:kms:ap-south-1:841961777599:key/176a905b-cabe-4f6b-9d00-53f994eca607",
            "bypass_policy_lockout_safety_check": false,
            "custom_key_store_id": "",
            "customer_master_key_spec": "SYMMETRIC_DEFAULT",
            "deletion_window_in_days": null,
            "description": "my-devops-eks-cluster cluster encryption key",
            "enable_key_rotation": true,
            "id": "176a905b-cabe-4f6b-9d00-53f994eca607",
            "is_enabled": true,
            "key_id": "176a905b-cabe-4f6b-9d00-53f994eca607",
            "key_usage": "ENCRYPT_DECRYPT",
            "multi_region": false,
            "policy": "{\"Statement\":[{\"Action\":[\"kms:Update*\",\"kms:UntagResource\",\"kms:TagResource\",\"kms:ScheduleKeyDeletion\",\"kms:Revoke*\",\"kms:ReplicateKey\",\"kms:Put*\",\"kms:List*\",\"kms:ImportKeyMaterial\",\"kms:Get*\",\"kms:Enable*\",\"kms:Disable*\",\"kms:Describe*\",\"kms:Delete*\",\"kms:Create*\",\"kms:CancelKeyDeletion\"],\"Effect\":\"Allow\",\"Principal\":{\"AWS\":\"arn:aws:iam::841961777599:user/terraform-admin-user\"},\"Resource\":\"*\",\"Sid\":\"KeyAdministration\"},{\"Action\":[\"kms:ReEncrypt*\",\"kms:GenerateDataKey*\",\"kms:Encrypt\",\"kms:DescribeKey\",\"kms:Decrypt\"],\"Effect\":\"Allow\",\"Principal\":{\"AWS\":\"arn:aws:iam::841961777599:role/my-devops-eks-cluster-cluster-20250711111903045700000001\"},\"Resource\":\"*\",\"Sid\":\"KeyUsage\"}],\"Version\":\"2012-10-17\"}",
            "rotation_period_in_days": 365,
            "tags": {
              "Environment": "DevOpsAssignment",
              "Project": "my-devops-eks-cluster"
            },
            "tags_all": {
              "Environment": "DevOpsAssignment",
              "Project": "my-devops-eks-cluster"
            },
            "timeouts": null,
            "xks_key_id": ""
          },
          "sensitive_attributes": [],
          "identity_schema_version": 0,
          "private": "eyJlMmJmYjczMC1lY2FhLTExZTYtOGY4OC0zNDM2M2JjN2M0YzAiOnsiY3JlYXRlIjoxMjAwMDAwMDAwMDB9fQ==",
          "dependencies": [
            "module.eks_cluster.aws_iam_role.this",
            "module.eks_cluster.data.aws_caller_identity.current",
            "module.eks_cluster.data.aws_iam_policy_document.assume_role_policy",
            "module.eks_cluster.data.aws_iam_session_context.current",
            "module.eks_cluster.data.aws_partition.current",
            "module.eks_cluster.module.kms.data.aws_caller_identity.current",
            "module.eks_cluster.module.kms.data.aws_iam_policy_document.this",
            "module.eks_cluster.module.kms.data.aws_partition.current"
          ],
          "create_before_destroy": true
        }
      ]
    },
    {
      "module": "module.eks_managed_node_group",
      "mode": "data",
      "type": "aws_caller_identity",
      "name": "current",
      "provider": "provider[\"registry.terraform.io/hashicorp/aws\"]",
      "instances": [
        {
          "schema_version": 0,
          "attributes": {
            "account_id": "841961777599",
            "arn": "arn:aws:iam::841961777599:user/terraform-admin-user",
            "id": "841961777599",
            "user_id": "AIDA4ICGVFG77VABNZSSS"
          },
          "sensitive_attributes": [],
          "identity_schema_version": 0
        }
      ]
    },
    {
      "module": "module.eks_managed_node_group",
      "mode": "data",
      "type": "aws_iam_policy_document",
      "name": "assume_role_policy",
      "provider": "provider[\"registry.terraform.io/hashicorp/aws\"]",
      "instances": [
        {
          "index_key": 0,
          "schema_version": 0,
          "attributes": {
            "id": "2560088296",
            "json": "{\n  \"Version\": \"2012-10-17\",\n  \"Statement\": [\n    {\n      \"Sid\": \"EKSNodeAssumeRole\",\n      \"Effect\": \"Allow\",\n      \"Action\": \"sts:AssumeRole\",\n      \"Principal\": {\n        \"Service\": \"ec2.amazonaws.com\"\n      }\n    }\n  ]\n}",
            "minified_json": "{\"Version\":\"2012-10-17\",\"Statement\":[{\"Sid\":\"EKSNodeAssumeRole\",\"Effect\":\"Allow\",\"Action\":\"sts:AssumeRole\",\"Principal\":{\"Service\":\"ec2.amazonaws.com\"}}]}",
            "override_json": null,
            "override_policy_documents": null,
            "policy_id": null,
            "source_json": null,
            "source_policy_documents": null,
            "statement": [
              {
                "actions": [
                  "sts:AssumeRole"
                ],
                "condition": [],
                "effect": "Allow",
                "not_actions": [],
                "not_principals": [],
                "not_resources": [],
                "principals": [
                  {
                    "identifiers": [
                      "ec2.amazonaws.com"
                    ],
                    "type": "Service"
                  }
                ],
                "resources": [],
                "sid": "EKSNodeAssumeRole"
              }
            ],
            "version": "2012-10-17"
          },
          "sensitive_attributes": [],
          "identity_schema_version": 0
        }
      ]
    },
    {
      "module": "module.eks_managed_node_group",
      "mode": "data",
      "type": "aws_partition",
      "name": "current",
      "provider": "provider[\"registry.terraform.io/hashicorp/aws\"]",
      "instances": [
        {
          "schema_version": 0,
          "attributes": {
            "dns_suffix": "amazonaws.com",
            "id": "aws",
            "partition": "aws",
            "reverse_dns_prefix": "com.amazonaws"
          },
          "sensitive_attributes": [],
          "identity_schema_version": 0
        }
      ]
    },
    {
      "module": "module.eks_managed_node_group",
      "mode": "managed",
      "type": "aws_eks_node_group",
      "name": "this",
      "provider": "provider[\"registry.terraform.io/hashicorp/aws\"]",
      "instances": [
        {
          "index_key": 0,
          "schema_version": 0,
          "attributes": {
            "ami_type": "AL2_x86_64",
            "arn": "arn:aws:eks:ap-south-1:841961777599:nodegroup/my-devops-eks-cluster/my-devops-eks-cluster-ng-20250711113703354000000003/facbfca3-26db-c286-c830-561c91ae7e4e",
            "capacity_type": "ON_DEMAND",
            "cluster_name": "my-devops-eks-cluster",
            "disk_size": 0,
            "force_update_version": null,
            "id": "my-devops-eks-cluster:my-devops-eks-cluster-ng-20250711113703354000000003",
            "instance_types": [
              "t3.medium"
            ],
            "labels": null,
            "launch_template": [
              {
                "id": "lt-0203c6a66e8a75e5b",
                "name": "my-devops-eks-cluster-ng-eks-node-group-20250711113656843500000001",
                "version": "1"
              }
            ],
            "node_group_name": "my-devops-eks-cluster-ng-20250711113703354000000003",
            "node_group_name_prefix": "my-devops-eks-cluster-ng-",
            "node_repair_config": [],
            "node_role_arn": "arn:aws:iam::841961777599:role/my-devops-eks-cluster-node-group-role-20250711111903056200000002",
            "release_version": "1.28.15-20250627",
            "remote_access": [],
            "resources": [
              {
                "autoscaling_groups": [
                  {
                    "name": "eks-my-devops-eks-cluster-ng-20250711113703354000000003-facbfca3-26db-c286-c830-561c91ae7e4e"
                  }
                ],
                "remote_access_security_group_id": ""
              }
            ],
            "scaling_config": [
              {
                "desired_size": 2,
                "max_size": 3,
                "min_size": 1
              }
            ],
            "status": "ACTIVE",
            "subnet_ids": [
              "subnet-08d665e32e091bdb8",
              "subnet-0f14da3f520b54d1f"
            ],
            "tags": {
              "Environment": "DevOpsAssignment",
              "Name": "my-devops-eks-cluster-ng",
              "Project": "my-devops-eks-cluster"
            },
            "tags_all": {
              "Environment": "DevOpsAssignment",
              "Name": "my-devops-eks-cluster-ng",
              "Project": "my-devops-eks-cluster"
            },
            "taint": [],
            "timeouts": {
              "create": null,
              "delete": null,
              "update": null
            },
            "update_config": [
              {
                "max_unavailable": 0,
                "max_unavailable_percentage": 33
              }
            ],
            "version": "1.28"
          },
          "sensitive_attributes": [],
          "identity_schema_version": 0,
          "private": "eyJlMmJmYjczMC1lY2FhLTExZTYtOGY4OC0zNDM2M2JjN2M0YzAiOnsiY3JlYXRlIjozNjAwMDAwMDAwMDAwLCJkZWxldGUiOjM2MDAwMDAwMDAwMDAsInVwZGF0ZSI6MzYwMDAwMDAwMDAwMH19",
          "dependencies": [
            "module.eks_cluster.aws_cloudwatch_log_group.this",
            "module.eks_cluster.aws_eks_cluster.this",
            "module.eks_cluster.aws_iam_policy.cni_ipv6_policy",
            "module.eks_cluster.aws_iam_role.this",
            "module.eks_cluster.aws_iam_role_policy_attachment.this",
            "module.eks_cluster.aws_security_group.cluster",
            "module.eks_cluster.aws_security_group.node",
            "module.eks_cluster.aws_security_group_rule.cluster",
            "module.eks_cluster.aws_security_group_rule.node",
            "module.eks_cluster.data.aws_caller_identity.current",
            "module.eks_cluster.data.aws_iam_policy_document.assume_role_policy",
            "module.eks_cluster.data.aws_iam_policy_document.cni_ipv6_policy",
            "module.eks_cluster.data.aws_iam_session_context.current",
            "module.eks_cluster.data.aws_partition.current",
            "module.eks_cluster.module.kms.aws_kms_external_key.this",
            "module.eks_cluster.module.kms.aws_kms_key.this",
            "module.eks_cluster.module.kms.aws_kms_replica_external_key.this",
            "module.eks_cluster.module.kms.aws_kms_replica_key.this",
            "module.eks_cluster.module.kms.data.aws_caller_identity.current",
            "module.eks_cluster.module.kms.data.aws_iam_policy_document.this",
            "module.eks_cluster.module.kms.data.aws_partition.current",
            "module.eks_managed_node_group.aws_iam_role.this",
            "module.eks_managed_node_group.aws_iam_role_policy_attachment.this",
            "module.eks_managed_node_group.aws_launch_template.this",
            "module.eks_managed_node_group.data.aws_caller_identity.current",
            "module.eks_managed_node_group.data.aws_iam_policy_document.assume_role_policy",
            "module.eks_managed_node_group.data.aws_partition.current",
            "module.eks_managed_node_group.module.user_data.data.cloudinit_config.linux_eks_managed_node_group",
            "module.vpc.aws_subnet.private",
            "module.vpc.aws_vpc.this",
            "module.vpc.aws_vpc_ipv4_cidr_block_association.this"
          ],
          "create_before_destroy": true
        }
      ]
    },
    {
      "module": "module.eks_managed_node_group",
      "mode": "managed",
      "type": "aws_iam_role",
      "name": "this",
      "provider": "provider[\"registry.terraform.io/hashicorp/aws\"]",
      "instances": [
        {
          "index_key": 0,
          "schema_version": 0,
          "attributes": {
            "arn": "arn:aws:iam::841961777599:role/my-devops-eks-cluster-node-group-role-20250711111903056200000002",
            "assume_role_policy": "{\"Statement\":[{\"Action\":\"sts:AssumeRole\",\"Effect\":\"Allow\",\"Principal\":{\"Service\":\"ec2.amazonaws.com\"},\"Sid\":\"EKSNodeAssumeRole\"}],\"Version\":\"2012-10-17\"}",
            "create_date": "2025-07-11T11:19:04Z",
            "description": "",
            "force_detach_policies": true,
            "id": "my-devops-eks-cluster-node-group-role-20250711111903056200000002",
            "inline_policy": [],
            "managed_policy_arns": [
              "arn:aws:iam::aws:policy/AmazonEC2ContainerRegistryReadOnly",
              "arn:aws:iam::aws:policy/AmazonEKSWorkerNodePolicy",
              "arn:aws:iam::aws:policy/AmazonEKS_CNI_Policy"
            ],
            "max_session_duration": 3600,
            "name": "my-devops-eks-cluster-node-group-role-20250711111903056200000002",
            "name_prefix": "my-devops-eks-cluster-node-group-role-",
            "path": "/",
            "permissions_boundary": "",
            "tags": {
              "Environment": "DevOpsAssignment",
              "Project": "my-devops-eks-cluster"
            },
            "tags_all": {
              "Environment": "DevOpsAssignment",
              "Project": "my-devops-eks-cluster"
            },
            "unique_id": "AROA4ICGVFG75LA2OAPZH"
          },
          "sensitive_attributes": [],
          "identity_schema_version": 0,
          "private": "bnVsbA==",
          "dependencies": [
            "module.eks_managed_node_group.data.aws_iam_policy_document.assume_role_policy",
            "module.eks_managed_node_group.data.aws_partition.current"
          ],
          "create_before_destroy": true
        }
      ]
    },
    {
      "module": "module.eks_managed_node_group",
      "mode": "managed",
      "type": "aws_iam_role_policy_attachment",
      "name": "this",
      "provider": "provider[\"registry.terraform.io/hashicorp/aws\"]",
      "instances": [
        {
          "index_key": "arn:aws:iam::aws:policy/AmazonEC2ContainerRegistryReadOnly",
          "schema_version": 0,
          "attributes": {
            "id": "my-devops-eks-cluster-node-group-role-20250711111903056200000002-20250711111906785300000006",
            "policy_arn": "arn:aws:iam::aws:policy/AmazonEC2ContainerRegistryReadOnly",
            "role": "my-devops-eks-cluster-node-group-role-20250711111903056200000002"
          },
          "sensitive_attributes": [],
          "identity_schema_version": 0,
          "private": "bnVsbA==",
          "dependencies": [
            "module.eks_managed_node_group.aws_iam_role.this",
            "module.eks_managed_node_group.data.aws_caller_identity.current",
            "module.eks_managed_node_group.data.aws_iam_policy_document.assume_role_policy",
            "module.eks_managed_node_group.data.aws_partition.current"
          ],
          "create_before_destroy": true
        },
        {
          "index_key": "arn:aws:iam::aws:policy/AmazonEKSWorkerNodePolicy",
          "schema_version": 0,
          "attributes": {
            "id": "my-devops-eks-cluster-node-group-role-20250711111903056200000002-20250711111906766200000005",
            "policy_arn": "arn:aws:iam::aws:policy/AmazonEKSWorkerNodePolicy",
            "role": "my-devops-eks-cluster-node-group-role-20250711111903056200000002"
          },
          "sensitive_attributes": [],
          "identity_schema_version": 0,
          "private": "bnVsbA==",
          "dependencies": [
            "module.eks_managed_node_group.aws_iam_role.this",
            "module.eks_managed_node_group.data.aws_caller_identity.current",
            "module.eks_managed_node_group.data.aws_iam_policy_document.assume_role_policy",
            "module.eks_managed_node_group.data.aws_partition.current"
          ],
          "create_before_destroy": true
        },
        {
          "index_key": "arn:aws:iam::aws:policy/AmazonEKS_CNI_Policy",
          "schema_version": 0,
          "attributes": {
            "id": "my-devops-eks-cluster-node-group-role-20250711111903056200000002-20250711111906489500000004",
            "policy_arn": "arn:aws:iam::aws:policy/AmazonEKS_CNI_Policy",
            "role": "my-devops-eks-cluster-node-group-role-20250711111903056200000002"
          },
          "sensitive_attributes": [],
          "identity_schema_version": 0,
          "private": "bnVsbA==",
          "dependencies": [
            "module.eks_managed_node_group.aws_iam_role.this",
            "module.eks_managed_node_group.data.aws_caller_identity.current",
            "module.eks_managed_node_group.data.aws_iam_policy_document.assume_role_policy",
            "module.eks_managed_node_group.data.aws_partition.current"
          ],
          "create_before_destroy": true
        }
      ]
    },
    {
      "module": "module.eks_managed_node_group",
      "mode": "managed",
      "type": "aws_launch_template",
      "name": "this",
      "provider": "provider[\"registry.terraform.io/hashicorp/aws\"]",
      "instances": [
        {
          "index_key": 0,
          "schema_version": 0,
          "attributes": {
            "arn": "arn:aws:ec2:ap-south-1:841961777599:launch-template/lt-0203c6a66e8a75e5b",
            "block_device_mappings": [],
            "capacity_reservation_specification": [],
            "cpu_options": [],
            "credit_specification": [],
            "default_version": 1,
            "description": "",
            "disable_api_stop": false,
            "disable_api_termination": false,
            "ebs_optimized": "",
            "elastic_gpu_specifications": [],
            "elastic_inference_accelerator": [],
            "enclave_options": [],
            "hibernation_options": [],
            "iam_instance_profile": [],
            "id": "lt-0203c6a66e8a75e5b",
            "image_id": "",
            "instance_initiated_shutdown_behavior": "",
            "instance_market_options": [],
            "instance_requirements": [],
            "instance_type": "",
            "kernel_id": "",
            "key_name": "",
            "latest_version": 1,
            "license_specification": [],
            "maintenance_options": [],
            "metadata_options": [
              {
                "http_endpoint": "enabled",
                "http_protocol_ipv6": "",
                "http_put_response_hop_limit": 2,
                "http_tokens": "required",
                "instance_metadata_tags": ""
              }
            ],
            "monitoring": [
              {
                "enabled": true
              }
            ],
            "name": "my-devops-eks-cluster-ng-eks-node-group-20250711113656843500000001",
            "name_prefix": "my-devops-eks-cluster-ng-eks-node-group-",
            "network_interfaces": [],
            "placement": [],
            "private_dns_name_options": [],
            "ram_disk_id": "",
            "security_group_names": null,
            "tag_specifications": [
              {
                "resource_type": "instance",
                "tags": {
                  "Environment": "DevOpsAssignment",
                  "Name": "my-devops-eks-cluster-ng",
                  "Project": "my-devops-eks-cluster"
                }
              },
              {
                "resource_type": "network-interface",
                "tags": {
                  "Environment": "DevOpsAssignment",
                  "Name": "my-devops-eks-cluster-ng",
                  "Project": "my-devops-eks-cluster"
                }
              },
              {
                "resource_type": "volume",
                "tags": {
                  "Environment": "DevOpsAssignment",
                  "Name": "my-devops-eks-cluster-ng",
                  "Project": "my-devops-eks-cluster"
                }
              }
            ],
            "tags": {
              "Environment": "DevOpsAssignment",
              "Project": "my-devops-eks-cluster"
            },
            "tags_all": {
              "Environment": "DevOpsAssignment",
              "Project": "my-devops-eks-cluster"
            },
            "update_default_version": true,
            "user_data": "",
            "vpc_security_group_ids": null
          },
          "sensitive_attributes": [],
          "identity_schema_version": 0,
          "private": "bnVsbA==",
          "dependencies": [
            "module.eks_cluster.aws_cloudwatch_log_group.this",
            "module.eks_cluster.aws_eks_cluster.this",
            "module.eks_cluster.aws_iam_policy.cni_ipv6_policy",
            "module.eks_cluster.aws_iam_role.this",
            "module.eks_cluster.aws_iam_role_policy_attachment.this",
            "module.eks_cluster.aws_security_group.cluster",
            "module.eks_cluster.aws_security_group.node",
            "module.eks_cluster.aws_security_group_rule.cluster",
            "module.eks_cluster.aws_security_group_rule.node",
            "module.eks_cluster.data.aws_caller_identity.current",
            "module.eks_cluster.data.aws_iam_policy_document.assume_role_policy",
            "module.eks_cluster.data.aws_iam_policy_document.cni_ipv6_policy",
            "module.eks_cluster.data.aws_iam_session_context.current",
            "module.eks_cluster.data.aws_partition.current",
            "module.eks_cluster.module.kms.aws_kms_external_key.this",
            "module.eks_cluster.module.kms.aws_kms_key.this",
            "module.eks_cluster.module.kms.aws_kms_replica_external_key.this",
            "module.eks_cluster.module.kms.aws_kms_replica_key.this",
            "module.eks_cluster.module.kms.data.aws_caller_identity.current",
            "module.eks_cluster.module.kms.data.aws_iam_policy_document.this",
            "module.eks_cluster.module.kms.data.aws_partition.current",
            "module.eks_managed_node_group.aws_iam_role.this",
            "module.eks_managed_node_group.aws_iam_role_policy_attachment.this",
            "module.eks_managed_node_group.data.aws_caller_identity.current",
            "module.eks_managed_node_group.data.aws_iam_policy_document.assume_role_policy",
            "module.eks_managed_node_group.data.aws_partition.current",
            "module.eks_managed_node_group.module.user_data.data.cloudinit_config.linux_eks_managed_node_group",
            "module.vpc.aws_subnet.private",
            "module.vpc.aws_vpc.this",
            "module.vpc.aws_vpc_ipv4_cidr_block_association.this"
          ],
          "create_before_destroy": true
        }
      ]
    },
    {
      "module": "module.vpc",
      "mode": "managed",
      "type": "aws_default_network_acl",
      "name": "this",
      "provider": "provider[\"registry.terraform.io/hashicorp/aws\"]",
      "instances": [
        {
          "index_key": 0,
          "schema_version": 0,
          "attributes": {
            "arn": "arn:aws:ec2:ap-south-1:841961777599:network-acl/acl-052111d84c967906b",
            "default_network_acl_id": "acl-052111d84c967906b",
            "egress": [
              {
                "action": "allow",
                "cidr_block": "",
                "from_port": 0,
                "icmp_code": 0,
                "icmp_type": 0,
                "ipv6_cidr_block": "::/0",
                "protocol": "-1",
                "rule_no": 101,
                "to_port": 0
              },
              {
                "action": "allow",
                "cidr_block": "0.0.0.0/0",
                "from_port": 0,
                "icmp_code": 0,
                "icmp_type": 0,
                "ipv6_cidr_block": "",
                "protocol": "-1",
                "rule_no": 100,
                "to_port": 0
              }
            ],
            "id": "acl-052111d84c967906b",
            "ingress": [
              {
                "action": "allow",
                "cidr_block": "",
                "from_port": 0,
                "icmp_code": 0,
                "icmp_type": 0,
                "ipv6_cidr_block": "::/0",
                "protocol": "-1",
                "rule_no": 101,
                "to_port": 0
              },
              {
                "action": "allow",
                "cidr_block": "0.0.0.0/0",
                "from_port": 0,
                "icmp_code": 0,
                "icmp_type": 0,
                "ipv6_cidr_block": "",
                "protocol": "-1",
                "rule_no": 100,
                "to_port": 0
              }
            ],
            "owner_id": "841961777599",
            "subnet_ids": [
              "subnet-08d665e32e091bdb8",
              "subnet-09e75623b93367d35",
              "subnet-0c7db852104e5119d",
              "subnet-0f14da3f520b54d1f"
            ],
            "tags": {
              "Environment": "DevOpsAssignment",
              "Name": "my-devops-eks-cluster-vpc-default",
              "Project": "my-devops-eks-cluster"
            },
            "tags_all": {
              "Environment": "DevOpsAssignment",
              "Name": "my-devops-eks-cluster-vpc-default",
              "Project": "my-devops-eks-cluster"
            },
            "vpc_id": "vpc-0ac3e546c2908ae53"
          },
          "sensitive_attributes": [],
          "identity_schema_version": 0,
          "private": "bnVsbA==",
          "dependencies": [
            "module.vpc.aws_vpc.this"
          ]
        }
      ]
    },
    {
      "module": "module.vpc",
      "mode": "managed",
      "type": "aws_default_route_table",
      "name": "default",
      "provider": "provider[\"registry.terraform.io/hashicorp/aws\"]",
      "instances": [
        {
          "index_key": 0,
          "schema_version": 0,
          "attributes": {
            "arn": "arn:aws:ec2:ap-south-1:841961777599:route-table/rtb-05388a75db7df9d19",
            "default_route_table_id": "rtb-05388a75db7df9d19",
            "id": "rtb-05388a75db7df9d19",
            "owner_id": "841961777599",
            "propagating_vgws": [],
            "route": [],
            "tags": {
              "Environment": "DevOpsAssignment",
              "Name": "my-devops-eks-cluster-vpc-default",
              "Project": "my-devops-eks-cluster"
            },
            "tags_all": {
              "Environment": "DevOpsAssignment",
              "Name": "my-devops-eks-cluster-vpc-default",
              "Project": "my-devops-eks-cluster"
            },
            "timeouts": {
              "create": "5m",
              "update": "5m"
            },
            "vpc_id": "vpc-0ac3e546c2908ae53"
          },
          "sensitive_attributes": [],
          "identity_schema_version": 0,
          "private": "eyJlMmJmYjczMC1lY2FhLTExZTYtOGY4OC0zNDM2M2JjN2M0YzAiOnsiY3JlYXRlIjozMDAwMDAwMDAwMDAsInVwZGF0ZSI6MzAwMDAwMDAwMDAwfX0=",
          "dependencies": [
            "module.vpc.aws_vpc.this"
          ]
        }
      ]
    },
    {
      "module": "module.vpc",
      "mode": "managed",
      "type": "aws_default_security_group",
      "name": "this",
      "provider": "provider[\"registry.terraform.io/hashicorp/aws\"]",
      "instances": [
        {
          "index_key": 0,
          "schema_version": 1,
          "attributes": {
            "arn": "arn:aws:ec2:ap-south-1:841961777599:security-group/sg-0068b9d4cafd0af5d",
            "description": "default VPC security group",
            "egress": [],
            "id": "sg-0068b9d4cafd0af5d",
            "ingress": [],
            "name": "default",
            "name_prefix": "",
            "owner_id": "841961777599",
            "revoke_rules_on_delete": false,
            "tags": {
              "Environment": "DevOpsAssignment",
              "Name": "my-devops-eks-cluster-vpc-default",
              "Project": "my-devops-eks-cluster"
            },
            "tags_all": {
              "Environment": "DevOpsAssignment",
              "Name": "my-devops-eks-cluster-vpc-default",
              "Project": "my-devops-eks-cluster"
            },
            "vpc_id": "vpc-0ac3e546c2908ae53"
          },
          "sensitive_attributes": [],
          "identity_schema_version": 0,
          "private": "eyJzY2hlbWFfdmVyc2lvbiI6IjEifQ==",
          "dependencies": [
            "module.vpc.aws_vpc.this"
          ]
        }
      ]
    },
    {
      "module": "module.vpc",
      "mode": "managed",
      "type": "aws_eip",
      "name": "nat",
      "provider": "provider[\"registry.terraform.io/hashicorp/aws\"]",
      "instances": [
        {
          "index_key": 0,
          "schema_version": 0,
          "attributes": {
            "address": null,
            "allocation_id": "eipalloc-00ad8f521c3e9d9b7",
            "arn": "arn:aws:ec2:ap-south-1:841961777599:elastic-ip/eipalloc-00ad8f521c3e9d9b7",
            "associate_with_private_ip": null,
            "association_id": "eipassoc-019f73cdc2dcd5be9",
            "carrier_ip": "",
            "customer_owned_ip": "",
            "customer_owned_ipv4_pool": "",
            "domain": "vpc",
            "id": "eipalloc-00ad8f521c3e9d9b7",
            "instance": "",
            "ipam_pool_id": null,
            "network_border_group": "ap-south-1",
            "network_interface": "eni-0f0a7e35e6cb24238",
            "private_dns": "ip-10-0-101-115.ap-south-1.compute.internal",
            "private_ip": "10.0.101.115",
            "ptr_record": "",
            "public_dns": "ec2-3-7-239-79.ap-south-1.compute.amazonaws.com",
            "public_ip": "3.7.239.79",
            "public_ipv4_pool": "amazon",
            "tags": {
              "Environment": "DevOpsAssignment",
              "Name": "my-devops-eks-cluster-vpc-ap-south-1a",
              "Project": "my-devops-eks-cluster"
            },
            "tags_all": {
              "Environment": "DevOpsAssignment",
              "Name": "my-devops-eks-cluster-vpc-ap-south-1a",
              "Project": "my-devops-eks-cluster"
            },
            "timeouts": null,
            "vpc": true
          },
          "sensitive_attributes": [],
          "identity_schema_version": 0,
          "private": "eyJlMmJmYjczMC1lY2FhLTExZTYtOGY4OC0zNDM2M2JjN2M0YzAiOnsiZGVsZXRlIjoxODAwMDAwMDAwMDAsInJlYWQiOjkwMDAwMDAwMDAwMCwidXBkYXRlIjozMDAwMDAwMDAwMDB9fQ==",
          "dependencies": [
            "module.vpc.aws_internet_gateway.this",
            "module.vpc.aws_vpc.this",
            "module.vpc.aws_vpc_ipv4_cidr_block_association.this"
          ]
        }
      ]
    },
    {
      "module": "module.vpc",
      "mode": "managed",
      "type": "aws_internet_gateway",
      "name": "this",
      "provider": "provider[\"registry.terraform.io/hashicorp/aws\"]",
      "instances": [
        {
          "index_key": 0,
          "schema_version": 0,
          "attributes": {
            "arn": "arn:aws:ec2:ap-south-1:841961777599:internet-gateway/igw-024ebda1a129d34ee",
            "id": "igw-024ebda1a129d34ee",
            "owner_id": "841961777599",
            "tags": {
              "Environment": "DevOpsAssignment",
              "Name": "my-devops-eks-cluster-vpc",
              "Project": "my-devops-eks-cluster"
            },
            "tags_all": {
              "Environment": "DevOpsAssignment",
              "Name": "my-devops-eks-cluster-vpc",
              "Project": "my-devops-eks-cluster"
            },
            "timeouts": null,
            "vpc_id": "vpc-0ac3e546c2908ae53"
          },
          "sensitive_attributes": [],
          "identity_schema_version": 0,
          "private": "eyJlMmJmYjczMC1lY2FhLTExZTYtOGY4OC0zNDM2M2JjN2M0YzAiOnsiY3JlYXRlIjoxMjAwMDAwMDAwMDAwLCJkZWxldGUiOjEyMDAwMDAwMDAwMDAsInVwZGF0ZSI6MTIwMDAwMDAwMDAwMH19",
          "dependencies": [
            "module.vpc.aws_vpc.this",
            "module.vpc.aws_vpc_ipv4_cidr_block_association.this"
          ]
        }
      ]
    },
    {
      "module": "module.vpc",
      "mode": "managed",
      "type": "aws_nat_gateway",
      "name": "this",
      "provider": "provider[\"registry.terraform.io/hashicorp/aws\"]",
      "instances": [
        {
          "index_key": 0,
          "schema_version": 0,
          "attributes": {
            "allocation_id": "eipalloc-00ad8f521c3e9d9b7",
            "association_id": "eipassoc-019f73cdc2dcd5be9",
            "connectivity_type": "public",
            "id": "nat-01b59f4a8bdddd276",
            "network_interface_id": "eni-0f0a7e35e6cb24238",
            "private_ip": "10.0.101.115",
            "public_ip": "3.7.239.79",
            "secondary_allocation_ids": [],
            "secondary_private_ip_address_count": 0,
            "secondary_private_ip_addresses": [],
            "subnet_id": "subnet-09e75623b93367d35",
            "tags": {
              "Environment": "DevOpsAssignment",
              "Name": "my-devops-eks-cluster-vpc-ap-south-1a",
              "Project": "my-devops-eks-cluster"
            },
            "tags_all": {
              "Environment": "DevOpsAssignment",
              "Name": "my-devops-eks-cluster-vpc-ap-south-1a",
              "Project": "my-devops-eks-cluster"
            },
            "timeouts": null
          },
          "sensitive_attributes": [],
          "identity_schema_version": 0,
          "private": "eyJlMmJmYjczMC1lY2FhLTExZTYtOGY4OC0zNDM2M2JjN2M0YzAiOnsiY3JlYXRlIjo2MDAwMDAwMDAwMDAsImRlbGV0ZSI6MTgwMDAwMDAwMDAwMCwidXBkYXRlIjo2MDAwMDAwMDAwMDB9fQ==",
          "dependencies": [
            "module.vpc.aws_eip.nat",
            "module.vpc.aws_internet_gateway.this",
            "module.vpc.aws_subnet.public",
            "module.vpc.aws_vpc.this",
            "module.vpc.aws_vpc_ipv4_cidr_block_association.this"
          ]
        }
      ]
    },
    {
      "module": "module.vpc",
      "mode": "managed",
      "type": "aws_route",
      "name": "private_nat_gateway",
      "provider": "provider[\"registry.terraform.io/hashicorp/aws\"]",
      "instances": [
        {
          "index_key": 0,
          "schema_version": 0,
          "attributes": {
            "carrier_gateway_id": "",
            "core_network_arn": "",
            "destination_cidr_block": "0.0.0.0/0",
            "destination_ipv6_cidr_block": "",
            "destination_prefix_list_id": "",
            "egress_only_gateway_id": "",
            "gateway_id": "",
            "id": "r-rtb-0f2359299107459c71080289494",
            "instance_id": "",
            "instance_owner_id": "",
            "local_gateway_id": "",
            "nat_gateway_id": "nat-01b59f4a8bdddd276",
            "network_interface_id": "",
            "origin": "CreateRoute",
            "route_table_id": "rtb-0f2359299107459c7",
            "state": "active",
            "timeouts": {
              "create": "5m",
              "delete": null,
              "update": null
            },
            "transit_gateway_id": "",
            "vpc_endpoint_id": "",
            "vpc_peering_connection_id": ""
          },
          "sensitive_attributes": [],
          "identity_schema_version": 0,
          "private": "eyJlMmJmYjczMC1lY2FhLTExZTYtOGY4OC0zNDM2M2JjN2M0YzAiOnsiY3JlYXRlIjozMDAwMDAwMDAwMDAsImRlbGV0ZSI6MzAwMDAwMDAwMDAwLCJ1cGRhdGUiOjEyMDAwMDAwMDAwMH19",
          "dependencies": [
            "module.vpc.aws_eip.nat",
            "module.vpc.aws_internet_gateway.this",
            "module.vpc.aws_nat_gateway.this",
            "module.vpc.aws_route_table.private",
            "module.vpc.aws_subnet.public",
            "module.vpc.aws_vpc.this",
            "module.vpc.aws_vpc_ipv4_cidr_block_association.this"
          ]
        }
      ]
    },
    {
      "module": "module.vpc",
      "mode": "managed",
      "type": "aws_route",
      "name": "public_internet_gateway",
      "provider": "provider[\"registry.terraform.io/hashicorp/aws\"]",
      "instances": [
        {
          "index_key": 0,
          "schema_version": 0,
          "attributes": {
            "carrier_gateway_id": "",
            "core_network_arn": "",
            "destination_cidr_block": "0.0.0.0/0",
            "destination_ipv6_cidr_block": "",
            "destination_prefix_list_id": "",
            "egress_only_gateway_id": "",
            "gateway_id": "igw-024ebda1a129d34ee",
            "id": "r-rtb-0308c7d28c5c0a9651080289494",
            "instance_id": "",
            "instance_owner_id": "",
            "local_gateway_id": "",
            "nat_gateway_id": "",
            "network_interface_id": "",
            "origin": "CreateRoute",
            "route_table_id": "rtb-0308c7d28c5c0a965",
            "state": "active",
            "timeouts": {
              "create": "5m",
              "delete": null,
              "update": null
            },
            "transit_gateway_id": "",
            "vpc_endpoint_id": "",
            "vpc_peering_connection_id": ""
          },
          "sensitive_attributes": [],
          "identity_schema_version": 0,
          "private": "eyJlMmJmYjczMC1lY2FhLTExZTYtOGY4OC0zNDM2M2JjN2M0YzAiOnsiY3JlYXRlIjozMDAwMDAwMDAwMDAsImRlbGV0ZSI6MzAwMDAwMDAwMDAwLCJ1cGRhdGUiOjEyMDAwMDAwMDAwMH19",
          "dependencies": [
            "module.vpc.aws_internet_gateway.this",
            "module.vpc.aws_route_table.public",
            "module.vpc.aws_vpc.this",
            "module.vpc.aws_vpc_ipv4_cidr_block_association.this"
          ]
        }
      ]
    },
    {
      "module": "module.vpc",
      "mode": "managed",
      "type": "aws_route_table",
      "name": "private",
      "provider": "provider[\"registry.terraform.io/hashicorp/aws\"]",
      "instances": [
        {
          "index_key": 0,
          "schema_version": 0,
          "attributes": {
            "arn": "arn:aws:ec2:ap-south-1:841961777599:route-table/rtb-0f2359299107459c7",
            "id": "rtb-0f2359299107459c7",
            "owner_id": "841961777599",
            "propagating_vgws": [],
            "route": [
              {
                "carrier_gateway_id": "",
                "cidr_block": "0.0.0.0/0",
                "core_network_arn": "",
                "destination_prefix_list_id": "",
                "egress_only_gateway_id": "",
                "gateway_id": "",
                "ipv6_cidr_block": "",
                "local_gateway_id": "",
                "nat_gateway_id": "nat-01b59f4a8bdddd276",
                "network_interface_id": "",
                "transit_gateway_id": "",
                "vpc_endpoint_id": "",
                "vpc_peering_connection_id": ""
              }
            ],
            "tags": {
              "Environment": "DevOpsAssignment",
              "Name": "my-devops-eks-cluster-vpc-private",
              "Project": "my-devops-eks-cluster"
            },
            "tags_all": {
              "Environment": "DevOpsAssignment",
              "Name": "my-devops-eks-cluster-vpc-private",
              "Project": "my-devops-eks-cluster"
            },
            "timeouts": null,
            "vpc_id": "vpc-0ac3e546c2908ae53"
          },
          "sensitive_attributes": [],
          "identity_schema_version": 0,
          "private": "eyJlMmJmYjczMC1lY2FhLTExZTYtOGY4OC0zNDM2M2JjN2M0YzAiOnsiY3JlYXRlIjozMDAwMDAwMDAwMDAsImRlbGV0ZSI6MzAwMDAwMDAwMDAwLCJ1cGRhdGUiOjEyMDAwMDAwMDAwMH19",
          "dependencies": [
            "module.vpc.aws_vpc.this",
            "module.vpc.aws_vpc_ipv4_cidr_block_association.this"
          ]
        }
      ]
    },
    {
      "module": "module.vpc",
      "mode": "managed",
      "type": "aws_route_table",
      "name": "public",
      "provider": "provider[\"registry.terraform.io/hashicorp/aws\"]",
      "instances": [
        {
          "index_key": 0,
          "schema_version": 0,
          "attributes": {
            "arn": "arn:aws:ec2:ap-south-1:841961777599:route-table/rtb-0308c7d28c5c0a965",
            "id": "rtb-0308c7d28c5c0a965",
            "owner_id": "841961777599",
            "propagating_vgws": [],
            "route": [
              {
                "carrier_gateway_id": "",
                "cidr_block": "0.0.0.0/0",
                "core_network_arn": "",
                "destination_prefix_list_id": "",
                "egress_only_gateway_id": "",
                "gateway_id": "igw-024ebda1a129d34ee",
                "ipv6_cidr_block": "",
                "local_gateway_id": "",
                "nat_gateway_id": "",
                "network_interface_id": "",
                "transit_gateway_id": "",
                "vpc_endpoint_id": "",
                "vpc_peering_connection_id": ""
              }
            ],
            "tags": {
              "Environment": "DevOpsAssignment",
              "Name": "my-devops-eks-cluster-vpc-public",
              "Project": "my-devops-eks-cluster"
            },
            "tags_all": {
              "Environment": "DevOpsAssignment",
              "Name": "my-devops-eks-cluster-vpc-public",
              "Project": "my-devops-eks-cluster"
            },
            "timeouts": null,
            "vpc_id": "vpc-0ac3e546c2908ae53"
          },
          "sensitive_attributes": [],
          "identity_schema_version": 0,
          "private": "eyJlMmJmYjczMC1lY2FhLTExZTYtOGY4OC0zNDM2M2JjN2M0YzAiOnsiY3JlYXRlIjozMDAwMDAwMDAwMDAsImRlbGV0ZSI6MzAwMDAwMDAwMDAwLCJ1cGRhdGUiOjEyMDAwMDAwMDAwMH19",
          "dependencies": [
            "module.vpc.aws_vpc.this",
            "module.vpc.aws_vpc_ipv4_cidr_block_association.this"
          ]
        }
      ]
    },
    {
      "module": "module.vpc",
      "mode": "managed",
      "type": "aws_route_table_association",
      "name": "private",
      "provider": "provider[\"registry.terraform.io/hashicorp/aws\"]",
      "instances": [
        {
          "index_key": 0,
          "schema_version": 0,
          "attributes": {
            "gateway_id": "",
            "id": "rtbassoc-003b4fa2adb59850d",
            "route_table_id": "rtb-0f2359299107459c7",
            "subnet_id": "subnet-0f14da3f520b54d1f",
            "timeouts": null
          },
          "sensitive_attributes": [],
          "identity_schema_version": 0,
          "private": "eyJlMmJmYjczMC1lY2FhLTExZTYtOGY4OC0zNDM2M2JjN2M0YzAiOnsiY3JlYXRlIjozMDAwMDAwMDAwMDAsImRlbGV0ZSI6MzAwMDAwMDAwMDAwLCJ1cGRhdGUiOjEyMDAwMDAwMDAwMH19",
          "dependencies": [
            "module.vpc.aws_route_table.private",
            "module.vpc.aws_subnet.private",
            "module.vpc.aws_vpc.this",
            "module.vpc.aws_vpc_ipv4_cidr_block_association.this"
          ]
        },
        {
          "index_key": 1,
          "schema_version": 0,
          "attributes": {
            "gateway_id": "",
            "id": "rtbassoc-0ec28e659f65bb9ae",
            "route_table_id": "rtb-0f2359299107459c7",
            "subnet_id": "subnet-08d665e32e091bdb8",
            "timeouts": null
          },
          "sensitive_attributes": [],
          "identity_schema_version": 0,
          "private": "eyJlMmJmYjczMC1lY2FhLTExZTYtOGY4OC0zNDM2M2JjN2M0YzAiOnsiY3JlYXRlIjozMDAwMDAwMDAwMDAsImRlbGV0ZSI6MzAwMDAwMDAwMDAwLCJ1cGRhdGUiOjEyMDAwMDAwMDAwMH19",
          "dependencies": [
            "module.vpc.aws_route_table.private",
            "module.vpc.aws_subnet.private",
            "module.vpc.aws_vpc.this",
            "module.vpc.aws_vpc_ipv4_cidr_block_association.this"
          ]
        }
      ]
    },
    {
      "module": "module.vpc",
      "mode": "managed",
      "type": "aws_route_table_association",
      "name": "public",
      "provider": "provider[\"registry.terraform.io/hashicorp/aws\"]",
      "instances": [
        {
          "index_key": 0,
          "schema_version": 0,
          "attributes": {
            "gateway_id": "",
            "id": "rtbassoc-0c0d4c3c446ecf924",
            "route_table_id": "rtb-0308c7d28c5c0a965",
            "subnet_id": "subnet-09e75623b93367d35",
            "timeouts": null
          },
          "sensitive_attributes": [],
          "identity_schema_version": 0,
          "private": "eyJlMmJmYjczMC1lY2FhLTExZTYtOGY4OC0zNDM2M2JjN2M0YzAiOnsiY3JlYXRlIjozMDAwMDAwMDAwMDAsImRlbGV0ZSI6MzAwMDAwMDAwMDAwLCJ1cGRhdGUiOjEyMDAwMDAwMDAwMH19",
          "dependencies": [
            "module.vpc.aws_route_table.public",
            "module.vpc.aws_subnet.public",
            "module.vpc.aws_vpc.this",
            "module.vpc.aws_vpc_ipv4_cidr_block_association.this"
          ]
        },
        {
          "index_key": 1,
          "schema_version": 0,
          "attributes": {
            "gateway_id": "",
            "id": "rtbassoc-094e207ed5adcb95b",
            "route_table_id": "rtb-0308c7d28c5c0a965",
            "subnet_id": "subnet-0c7db852104e5119d",
            "timeouts": null
          },
          "sensitive_attributes": [],
          "identity_schema_version": 0,
          "private": "eyJlMmJmYjczMC1lY2FhLTExZTYtOGY4OC0zNDM2M2JjN2M0YzAiOnsiY3JlYXRlIjozMDAwMDAwMDAwMDAsImRlbGV0ZSI6MzAwMDAwMDAwMDAwLCJ1cGRhdGUiOjEyMDAwMDAwMDAwMH19",
          "dependencies": [
            "module.vpc.aws_route_table.public",
            "module.vpc.aws_subnet.public",
            "module.vpc.aws_vpc.this",
            "module.vpc.aws_vpc_ipv4_cidr_block_association.this"
          ]
        }
      ]
    },
    {
      "module": "module.vpc",
      "mode": "managed",
      "type": "aws_subnet",
      "name": "private",
      "provider": "provider[\"registry.terraform.io/hashicorp/aws\"]",
      "instances": [
        {
          "index_key": 0,
          "schema_version": 1,
          "attributes": {
            "arn": "arn:aws:ec2:ap-south-1:841961777599:subnet/subnet-0f14da3f520b54d1f",
            "assign_ipv6_address_on_creation": false,
            "availability_zone": "ap-south-1a",
            "availability_zone_id": "aps1-az1",
            "cidr_block": "10.0.1.0/24",
            "customer_owned_ipv4_pool": "",
            "enable_dns64": false,
            "enable_lni_at_device_index": 0,
            "enable_resource_name_dns_a_record_on_launch": false,
            "enable_resource_name_dns_aaaa_record_on_launch": false,
            "id": "subnet-0f14da3f520b54d1f",
            "ipv6_cidr_block": "",
            "ipv6_cidr_block_association_id": "",
            "ipv6_native": false,
            "map_customer_owned_ip_on_launch": false,
            "map_public_ip_on_launch": false,
            "outpost_arn": "",
            "owner_id": "841961777599",
            "private_dns_hostname_type_on_launch": "ip-name",
            "tags": {
              "Environment": "DevOpsAssignment",
              "Name": "my-devops-eks-cluster-vpc-private-ap-south-1a",
              "Project": "my-devops-eks-cluster"
            },
            "tags_all": {
              "Environment": "DevOpsAssignment",
              "Name": "my-devops-eks-cluster-vpc-private-ap-south-1a",
              "Project": "my-devops-eks-cluster"
            },
            "timeouts": null,
            "vpc_id": "vpc-0ac3e546c2908ae53"
          },
          "sensitive_attributes": [],
          "identity_schema_version": 0,
          "private": "eyJlMmJmYjczMC1lY2FhLTExZTYtOGY4OC0zNDM2M2JjN2M0YzAiOnsiY3JlYXRlIjo2MDAwMDAwMDAwMDAsImRlbGV0ZSI6MTIwMDAwMDAwMDAwMH0sInNjaGVtYV92ZXJzaW9uIjoiMSJ9",
          "dependencies": [
            "module.vpc.aws_vpc.this",
            "module.vpc.aws_vpc_ipv4_cidr_block_association.this"
          ],
          "create_before_destroy": true
        },
        {
          "index_key": 1,
          "schema_version": 1,
          "attributes": {
            "arn": "arn:aws:ec2:ap-south-1:841961777599:subnet/subnet-08d665e32e091bdb8",
            "assign_ipv6_address_on_creation": false,
            "availability_zone": "ap-south-1b",
            "availability_zone_id": "aps1-az3",
            "cidr_block": "10.0.2.0/24",
            "customer_owned_ipv4_pool": "",
            "enable_dns64": false,
            "enable_lni_at_device_index": 0,
            "enable_resource_name_dns_a_record_on_launch": false,
            "enable_resource_name_dns_aaaa_record_on_launch": false,
            "id": "subnet-08d665e32e091bdb8",
            "ipv6_cidr_block": "",
            "ipv6_cidr_block_association_id": "",
            "ipv6_native": false,
            "map_customer_owned_ip_on_launch": false,
            "map_public_ip_on_launch": false,
            "outpost_arn": "",
            "owner_id": "841961777599",
            "private_dns_hostname_type_on_launch": "ip-name",
            "tags": {
              "Environment": "DevOpsAssignment",
              "Name": "my-devops-eks-cluster-vpc-private-ap-south-1b",
              "Project": "my-devops-eks-cluster"
            },
            "tags_all": {
              "Environment": "DevOpsAssignment",
              "Name": "my-devops-eks-cluster-vpc-private-ap-south-1b",
              "Project": "my-devops-eks-cluster"
            },
            "timeouts": null,
            "vpc_id": "vpc-0ac3e546c2908ae53"
          },
          "sensitive_attributes": [],
          "identity_schema_version": 0,
          "private": "eyJlMmJmYjczMC1lY2FhLTExZTYtOGY4OC0zNDM2M2JjN2M0YzAiOnsiY3JlYXRlIjo2MDAwMDAwMDAwMDAsImRlbGV0ZSI6MTIwMDAwMDAwMDAwMH0sInNjaGVtYV92ZXJzaW9uIjoiMSJ9",
          "dependencies": [
            "module.vpc.aws_vpc.this",
            "module.vpc.aws_vpc_ipv4_cidr_block_association.this"
          ],
          "create_before_destroy": true
        }
      ]
    },
    {
      "module": "module.vpc",
      "mode": "managed",
      "type": "aws_subnet",
      "name": "public",
      "provider": "provider[\"registry.terraform.io/hashicorp/aws\"]",
      "instances": [
        {
          "index_key": 0,
          "schema_version": 1,
          "attributes": {
            "arn": "arn:aws:ec2:ap-south-1:841961777599:subnet/subnet-09e75623b93367d35",
            "assign_ipv6_address_on_creation": false,
            "availability_zone": "ap-south-1a",
            "availability_zone_id": "aps1-az1",
            "cidr_block": "10.0.101.0/24",
            "customer_owned_ipv4_pool": "",
            "enable_dns64": false,
            "enable_lni_at_device_index": 0,
            "enable_resource_name_dns_a_record_on_launch": false,
            "enable_resource_name_dns_aaaa_record_on_launch": false,
            "id": "subnet-09e75623b93367d35",
            "ipv6_cidr_block": "",
            "ipv6_cidr_block_association_id": "",
            "ipv6_native": false,
            "map_customer_owned_ip_on_launch": false,
            "map_public_ip_on_launch": false,
            "outpost_arn": "",
            "owner_id": "841961777599",
            "private_dns_hostname_type_on_launch": "ip-name",
            "tags": {
              "Environment": "DevOpsAssignment",
              "Name": "my-devops-eks-cluster-vpc-public-ap-south-1a",
              "Project": "my-devops-eks-cluster"
            },
            "tags_all": {
              "Environment": "DevOpsAssignment",
              "Name": "my-devops-eks-cluster-vpc-public-ap-south-1a",
              "Project": "my-devops-eks-cluster"
            },
            "timeouts": null,
            "vpc_id": "vpc-0ac3e546c2908ae53"
          },
          "sensitive_attributes": [],
          "identity_schema_version": 0,
          "private": "eyJlMmJmYjczMC1lY2FhLTExZTYtOGY4OC0zNDM2M2JjN2M0YzAiOnsiY3JlYXRlIjo2MDAwMDAwMDAwMDAsImRlbGV0ZSI6MTIwMDAwMDAwMDAwMH0sInNjaGVtYV92ZXJzaW9uIjoiMSJ9",
          "dependencies": [
            "module.vpc.aws_vpc.this",
            "module.vpc.aws_vpc_ipv4_cidr_block_association.this"
          ]
        },
        {
          "index_key": 1,
          "schema_version": 1,
          "attributes": {
            "arn": "arn:aws:ec2:ap-south-1:841961777599:subnet/subnet-0c7db852104e5119d",
            "assign_ipv6_address_on_creation": false,
            "availability_zone": "ap-south-1b",
            "availability_zone_id": "aps1-az3",
            "cidr_block": "10.0.102.0/24",
            "customer_owned_ipv4_pool": "",
            "enable_dns64": false,
            "enable_lni_at_device_index": 0,
            "enable_resource_name_dns_a_record_on_launch": false,
            "enable_resource_name_dns_aaaa_record_on_launch": false,
            "id": "subnet-0c7db852104e5119d",
            "ipv6_cidr_block": "",
            "ipv6_cidr_block_association_id": "",
            "ipv6_native": false,
            "map_customer_owned_ip_on_launch": false,
            "map_public_ip_on_launch": false,
            "outpost_arn": "",
            "owner_id": "841961777599",
            "private_dns_hostname_type_on_launch": "ip-name",
            "tags": {
              "Environment": "DevOpsAssignment",
              "Name": "my-devops-eks-cluster-vpc-public-ap-south-1b",
              "Project": "my-devops-eks-cluster"
            },
            "tags_all": {
              "Environment": "DevOpsAssignment",
              "Name": "my-devops-eks-cluster-vpc-public-ap-south-1b",
              "Project": "my-devops-eks-cluster"
            },
            "timeouts": null,
            "vpc_id": "vpc-0ac3e546c2908ae53"
          },
          "sensitive_attributes": [],
          "identity_schema_version": 0,
          "private": "eyJlMmJmYjczMC1lY2FhLTExZTYtOGY4OC0zNDM2M2JjN2M0YzAiOnsiY3JlYXRlIjo2MDAwMDAwMDAwMDAsImRlbGV0ZSI6MTIwMDAwMDAwMDAwMH0sInNjaGVtYV92ZXJzaW9uIjoiMSJ9",
          "dependencies": [
            "module.vpc.aws_vpc.this",
            "module.vpc.aws_vpc_ipv4_cidr_block_association.this"
          ]
        }
      ]
    },
    {
      "module": "module.vpc",
      "mode": "managed",
      "type": "aws_vpc",
      "name": "this",
      "provider": "provider[\"registry.terraform.io/hashicorp/aws\"]",
      "instances": [
        {
          "index_key": 0,
          "schema_version": 1,
          "attributes": {
            "arn": "arn:aws:ec2:ap-south-1:841961777599:vpc/vpc-0ac3e546c2908ae53",
            "assign_generated_ipv6_cidr_block": false,
            "cidr_block": "10.0.0.0/16",
            "default_network_acl_id": "acl-052111d84c967906b",
            "default_route_table_id": "rtb-05388a75db7df9d19",
            "default_security_group_id": "sg-0068b9d4cafd0af5d",
            "dhcp_options_id": "dopt-09e2e0f4c17e13653",
            "enable_dns_hostnames": true,
            "enable_dns_support": true,
            "enable_network_address_usage_metrics": false,
            "id": "vpc-0ac3e546c2908ae53",
            "instance_tenancy": "default",
            "ipv4_ipam_pool_id": null,
            "ipv4_netmask_length": null,
            "ipv6_association_id": "",
            "ipv6_cidr_block": "",
            "ipv6_cidr_block_network_border_group": "",
            "ipv6_ipam_pool_id": "",
            "ipv6_netmask_length": 0,
            "main_route_table_id": "rtb-05388a75db7df9d19",
            "owner_id": "841961777599",
            "tags": {
              "Environment": "DevOpsAssignment",
              "Name": "my-devops-eks-cluster-vpc",
              "Project": "my-devops-eks-cluster"
            },
            "tags_all": {
              "Environment": "DevOpsAssignment",
              "Name": "my-devops-eks-cluster-vpc",
              "Project": "my-devops-eks-cluster"
            }
          },
          "sensitive_attributes": [],
          "identity_schema_version": 0,
          "private": "eyJzY2hlbWFfdmVyc2lvbiI6IjEifQ==",
          "create_before_destroy": true
        }
      ]
    }
  ],
  "check_results": null
}
